PODS:
  - Alamofire (5.6.4)
  - KakaoSDKAuth (2.14.0):
    - KakaoSDKCommon (= 2.14.0)
  - KakaoSDKCommon (2.14.0):
    - KakaoSDKCommon/Common (= 2.14.0)
    - KakaoSDKCommon/Network (= 2.14.0)
  - KakaoSDKCommon/Common (2.14.0)
  - KakaoSDKCommon/Network (2.14.0):
    - Alamofire (~> 5.1)
    - KakaoSDKCommon/Common (= 2.14.0)
  - KakaoSDKUser (2.14.0):
    - KakaoSDKAuth (= 2.14.0)
  - SwiftKeychainWrapper (4.0.1)

DEPENDENCIES:
  - Alamofire
  - KakaoSDKAuth
  - KakaoSDKCommon
  - KakaoSDKUser
  - SwiftKeychainWrapper

SPEC REPOS:
  trunk:
    - Alamofire
    - KakaoSDKAuth
    - KakaoSDKCommon
    - KakaoSDKUser
    - SwiftKeychainWrapper

SPEC CHECKSUMS:
  Alamofire: 4e95d97098eacb88856099c4fc79b526a299e48c
  KakaoSDKAuth: 8fca87815de22062a23297983f327613b087b8bb
  KakaoSDKCommon: 0ce638f7a2e49704943c0b74a087a9f8067bba1c
  KakaoSDKUser: 2ca18314ce72e6690f76cb1f6f9fbc771d31a803
  SwiftKeychainWrapper: 807ba1d63c33a7d0613288512399cd1eda1e470c

PODFILE CHECKSUM: fbcb7f07d9a0cc68e3afe5d307385c7309b5aebf

COCOAPODS: 1.11.3
