// !$*UTF8*$!
{
	archiveVersion = 1;
	classes = {
	};
	objectVersion = 56;
	objects = {

/* Begin PBXBuildFile section */
		2F0D01182A03CEB600DAF21D /* SignUpViewModel.swift in Sources */ = {isa = PBXBuildFile; fileRef = 2F0D01172A03CEB600DAF21D /* SignUpViewModel.swift */; };
		2F146A5B2A13A1260089AB3D /* GoogleService-Info.plist in Resources */ = {isa = PBXBuildFile; fileRef = 2F146A5A2A13A1260089AB3D /* GoogleService-Info.plist */; };
		2F146A5E2A14B52D0089AB3D /* TokenReissueDataManager.swift in Sources */ = {isa = PBXBuildFile; fileRef = 2F146A5D2A14B52D0089AB3D /* TokenReissueDataManager.swift */; };
		2F146A622A14B5AF0089AB3D /* TokenReissueRequest.swift in Sources */ = {isa = PBXBuildFile; fileRef = 2F146A612A14B5AF0089AB3D /* TokenReissueRequest.swift */; };
		2F146A642A14B5BD0089AB3D /* TokenReissueResponse.swift in Sources */ = {isa = PBXBuildFile; fileRef = 2F146A632A14B5BD0089AB3D /* TokenReissueResponse.swift */; };
		2F146A6A2A14B6980089AB3D /* TokenReissueViewModel.swift in Sources */ = {isa = PBXBuildFile; fileRef = 2F146A692A14B6980089AB3D /* TokenReissueViewModel.swift */; };
		2F1614552A07CFE20029E9A9 /* Keychain.swift in Sources */ = {isa = PBXBuildFile; fileRef = 2F1614542A07CFE20029E9A9 /* Keychain.swift */; };
		2F1614572A07F2A60029E9A9 /* EnterBookCodeView.swift in Sources */ = {isa = PBXBuildFile; fileRef = 2F1614562A07F2A60029E9A9 /* EnterBookCodeView.swift */; };
		2F1614592A07F3880029E9A9 /* EnterBookView.swift in Sources */ = {isa = PBXBuildFile; fileRef = 2F1614582A07F3880029E9A9 /* EnterBookView.swift */; };
		2F16145E2A07F4CA0029E9A9 /* BookCodeRequest.swift in Sources */ = {isa = PBXBuildFile; fileRef = 2F16145D2A07F4CA0029E9A9 /* BookCodeRequest.swift */; };
		2F1614602A07F4DC0029E9A9 /* BookCodeResponse.swift in Sources */ = {isa = PBXBuildFile; fileRef = 2F16145F2A07F4DC0029E9A9 /* BookCodeResponse.swift */; };
		2F1614622A07F5FE0029E9A9 /* SendBookCodeViewModel.swift in Sources */ = {isa = PBXBuildFile; fileRef = 2F1614612A07F5FE0029E9A9 /* SendBookCodeViewModel.swift */; };
		2F1614642A07F6120029E9A9 /* SendBookCodeDataManager.swift in Sources */ = {isa = PBXBuildFile; fileRef = 2F1614632A07F6120029E9A9 /* SendBookCodeDataManager.swift */; };
		2F1614692A0804A50029E9A9 /* CreateBookRequest.swift in Sources */ = {isa = PBXBuildFile; fileRef = 2F1614682A0804A50029E9A9 /* CreateBookRequest.swift */; };
		2F16146B2A0804B90029E9A9 /* CreateBookResponse.swift in Sources */ = {isa = PBXBuildFile; fileRef = 2F16146A2A0804B90029E9A9 /* CreateBookResponse.swift */; };
		2F16146D2A0804CA0029E9A9 /* CreateBookDataManager.swift in Sources */ = {isa = PBXBuildFile; fileRef = 2F16146C2A0804CA0029E9A9 /* CreateBookDataManager.swift */; };
		2F1614702A0804E30029E9A9 /* CreateBookViewModel.swift in Sources */ = {isa = PBXBuildFile; fileRef = 2F16146F2A0804E30029E9A9 /* CreateBookViewModel.swift */; };
		2F1614732A080C920029E9A9 /* ServiceAgreementViewModel.swift in Sources */ = {isa = PBXBuildFile; fileRef = 2F1614722A080C920029E9A9 /* ServiceAgreementViewModel.swift */; };
		2F1614762A0A32A20029E9A9 /* CalendarRequest.swift in Sources */ = {isa = PBXBuildFile; fileRef = 2F1614752A0A32A20029E9A9 /* CalendarRequest.swift */; };
		2F1614782A0A32AF0029E9A9 /* CalendarResponse.swift in Sources */ = {isa = PBXBuildFile; fileRef = 2F1614772A0A32AF0029E9A9 /* CalendarResponse.swift */; };
		2F16147C2A0A33A80029E9A9 /* CalendarDataManager.swift in Sources */ = {isa = PBXBuildFile; fileRef = 2F16147B2A0A33A80029E9A9 /* CalendarDataManager.swift */; };
		2F16147E2A0A33B70029E9A9 /* CalendarViewModel.swift in Sources */ = {isa = PBXBuildFile; fileRef = 2F16147D2A0A33B70029E9A9 /* CalendarViewModel.swift */; };
		2F1614812A0A438A0029E9A9 /* AppDelegate.swift in Sources */ = {isa = PBXBuildFile; fileRef = 2F1614802A0A438A0029E9A9 /* AppDelegate.swift */; };
		2F1614832A0A45B80029E9A9 /* Secret.swift in Sources */ = {isa = PBXBuildFile; fileRef = 2F1614822A0A45B80029E9A9 /* Secret.swift */; };
		2F1614862A0A76A50029E9A9 /* MyPageViewModel.swift in Sources */ = {isa = PBXBuildFile; fileRef = 2F1614852A0A76A50029E9A9 /* MyPageViewModel.swift */; };
		2F1614892A0A76E70029E9A9 /* MyPageRequest.swift in Sources */ = {isa = PBXBuildFile; fileRef = 2F1614882A0A76E70029E9A9 /* MyPageRequest.swift */; };
		2F16148B2A0A76F20029E9A9 /* MyPageResponse.swift in Sources */ = {isa = PBXBuildFile; fileRef = 2F16148A2A0A76F20029E9A9 /* MyPageResponse.swift */; };
		2F16148E2A0A771E0029E9A9 /* MyPageDataManager.swift in Sources */ = {isa = PBXBuildFile; fileRef = 2F16148D2A0A771E0029E9A9 /* MyPageDataManager.swift */; };
		2F1614922A0F971B0029E9A9 /* DayLinesView.swift in Sources */ = {isa = PBXBuildFile; fileRef = 2F1614912A0F971B0029E9A9 /* DayLinesView.swift */; };
		2F1614942A0FABBE0029E9A9 /* CustomAlert.swift in Sources */ = {isa = PBXBuildFile; fileRef = 2F1614932A0FABBE0029E9A9 /* CustomAlert.swift */; };
		2F1614972A1370B90029E9A9 /* SignInWithAppleCoordinator.swift in Sources */ = {isa = PBXBuildFile; fileRef = 2F1614962A1370B90029E9A9 /* SignInWithAppleCoordinator.swift */; };
		2F28C2D12A4C228600894F67 /* AuthenticationService.swift in Sources */ = {isa = PBXBuildFile; fileRef = 2F28C2D02A4C228600894F67 /* AuthenticationService.swift */; };
		2F28C2D62A4ED60E00894F67 /* SettingBookDataManager.swift in Sources */ = {isa = PBXBuildFile; fileRef = 2F28C2D52A4ED60E00894F67 /* SettingBookDataManager.swift */; };
		2F28C2D82A4ED61B00894F67 /* SettingBookViewModel.swift in Sources */ = {isa = PBXBuildFile; fileRef = 2F28C2D72A4ED61B00894F67 /* SettingBookViewModel.swift */; };
		2F28C2DA2A4ED63900894F67 /* SettingBookRequest.swift in Sources */ = {isa = PBXBuildFile; fileRef = 2F28C2D92A4ED63900894F67 /* SettingBookRequest.swift */; };
		2F28C2DC2A4ED64500894F67 /* SettingBookResponse.swift in Sources */ = {isa = PBXBuildFile; fileRef = 2F28C2DB2A4ED64500894F67 /* SettingBookResponse.swift */; };
		2F28C2DE2A55605B00894F67 /* SetUserCalcView.swift in Sources */ = {isa = PBXBuildFile; fileRef = 2F28C2DD2A55605B00894F67 /* SetUserCalcView.swift */; };
		2F28C2E02A55689000894F67 /* SetPeriodCalcView.swift in Sources */ = {isa = PBXBuildFile; fileRef = 2F28C2DF2A55689000894F67 /* SetPeriodCalcView.swift */; };
		2F28C2E22A556BC100894F67 /* SetContentCalcView.swift in Sources */ = {isa = PBXBuildFile; fileRef = 2F28C2E12A556BC100894F67 /* SetContentCalcView.swift */; };
		2F28C2E42A55723900894F67 /* CompleteCalcView.swift in Sources */ = {isa = PBXBuildFile; fileRef = 2F28C2E32A55723900894F67 /* CompleteCalcView.swift */; };
		2F28C2E72A55814200894F67 /* CalculateViewModel.swift in Sources */ = {isa = PBXBuildFile; fileRef = 2F28C2E62A55814200894F67 /* CalculateViewModel.swift */; };
		2FB3DA6C2A5C25FD00E1486D /* CalculateDataManager.swift in Sources */ = {isa = PBXBuildFile; fileRef = 2FB3DA6B2A5C25FD00E1486D /* CalculateDataManager.swift */; };
		2FB3DA6E2A5C264800E1486D /* SettlementRequest.swift in Sources */ = {isa = PBXBuildFile; fileRef = 2FB3DA6D2A5C264800E1486D /* SettlementRequest.swift */; };
		2FB3DA702A5C265700E1486D /* SettlementResponse.swift in Sources */ = {isa = PBXBuildFile; fileRef = 2FB3DA6F2A5C265700E1486D /* SettlementResponse.swift */; };
		2FB3DA722A5C867200E1486D /* ExpenseView.swift in Sources */ = {isa = PBXBuildFile; fileRef = 2FB3DA712A5C867200E1486D /* ExpenseView.swift */; };
		2FB3DA742A5C86B800E1486D /* IncomeView.swift in Sources */ = {isa = PBXBuildFile; fileRef = 2FB3DA732A5C86B800E1486D /* IncomeView.swift */; };
		2FB3DA762A5C86D800E1486D /* BudgetView.swift in Sources */ = {isa = PBXBuildFile; fileRef = 2FB3DA752A5C86D800E1486D /* BudgetView.swift */; };
		2FB3DA782A5C86E800E1486D /* AssetView.swift in Sources */ = {isa = PBXBuildFile; fileRef = 2FB3DA772A5C86E800E1486D /* AssetView.swift */; };
		2FB3DA7B2A5C8F8D00E1486D /* AnalysisResponse.swift in Sources */ = {isa = PBXBuildFile; fileRef = 2FB3DA7A2A5C8F8D00E1486D /* AnalysisResponse.swift */; };
		2FB3DA7E2A5C92F700E1486D /* AnalysisViewModel.swift in Sources */ = {isa = PBXBuildFile; fileRef = 2FB3DA7D2A5C92F700E1486D /* AnalysisViewModel.swift */; };
		2FB3DA812A5C934300E1486D /* AnalysisDataManager.swift in Sources */ = {isa = PBXBuildFile; fileRef = 2FB3DA802A5C934300E1486D /* AnalysisDataManager.swift */; };
		2FB3DA832A5D722E00E1486D /* CategoryManagementView.swift in Sources */ = {isa = PBXBuildFile; fileRef = 2FB3DA822A5D722E00E1486D /* CategoryManagementView.swift */; };
		2FB3DA852A5D7AFC00E1486D /* AddCategoryView.swift in Sources */ = {isa = PBXBuildFile; fileRef = 2FB3DA842A5D7AFC00E1486D /* AddCategoryView.swift */; };
		2FB3DA872A5DB59E00E1486D /* LoadingView.swift in Sources */ = {isa = PBXBuildFile; fileRef = 2FB3DA862A5DB59E00E1486D /* LoadingView.swift */; };
		2FC3B1D02A1CD26A00572804 /* KakaoLoginRequest.swift in Sources */ = {isa = PBXBuildFile; fileRef = 2FC3B1CF2A1CD26A00572804 /* KakaoLoginRequest.swift */; };
		2FC3B1D22A1CD2E200572804 /* KakaoLoginResponse.swift in Sources */ = {isa = PBXBuildFile; fileRef = 2FC3B1D12A1CD2E200572804 /* KakaoLoginResponse.swift */; };
		2FC3B1D52A25E30A00572804 /* SettingBookView.swift in Sources */ = {isa = PBXBuildFile; fileRef = 2FC3B1D42A25E30A00572804 /* SettingBookView.swift */; };
		2FC3B1D72A25F95600572804 /* ModifyingBookView.swift in Sources */ = {isa = PBXBuildFile; fileRef = 2FC3B1D62A25F95600572804 /* ModifyingBookView.swift */; };
		2FC3B1D92A25F9F200572804 /* SetBookProfileImageView.swift in Sources */ = {isa = PBXBuildFile; fileRef = 2FC3B1D82A25F9F200572804 /* SetBookProfileImageView.swift */; };
		2FC3B1DB2A2733D200572804 /* GoogleSignIn.swift in Sources */ = {isa = PBXBuildFile; fileRef = 2FC3B1DA2A2733D200572804 /* GoogleSignIn.swift */; };
		2FC3B1DD2A274FF200572804 /* TextFieldLarge.swift in Sources */ = {isa = PBXBuildFile; fileRef = 2FC3B1DC2A274FF200572804 /* TextFieldLarge.swift */; };
		2FC3B1DF2A2DC80500572804 /* CategoryButton.swift in Sources */ = {isa = PBXBuildFile; fileRef = 2FC3B1DE2A2DC80500572804 /* CategoryButton.swift */; };
		2FC3B1E22A321B1F00572804 /* ImagePicker.swift in Sources */ = {isa = PBXBuildFile; fileRef = 2FC3B1E12A321B1E00572804 /* ImagePicker.swift */; };
		2FD7F39C29B1E26D00B99CAA /* FloneyApp.swift in Sources */ = {isa = PBXBuildFile; fileRef = 2FD7F39B29B1E26D00B99CAA /* FloneyApp.swift */; };
		2FD7F39E29B1E26D00B99CAA /* ContentView.swift in Sources */ = {isa = PBXBuildFile; fileRef = 2FD7F39D29B1E26D00B99CAA /* ContentView.swift */; };
		2FD7F3A029B1E26E00B99CAA /* Assets.xcassets in Resources */ = {isa = PBXBuildFile; fileRef = 2FD7F39F29B1E26E00B99CAA /* Assets.xcassets */; };
		2FD7F3A329B1E26E00B99CAA /* Preview Assets.xcassets in Resources */ = {isa = PBXBuildFile; fileRef = 2FD7F3A229B1E26E00B99CAA /* Preview Assets.xcassets */; };
		2FD7F3B629B1E42400B99CAA /* Constant.swift in Sources */ = {isa = PBXBuildFile; fileRef = 2FD7F3B529B1E42400B99CAA /* Constant.swift */; };
		2FD7F3C129B1E46900B99CAA /* Color.swift in Sources */ = {isa = PBXBuildFile; fileRef = 2FD7F3C029B1E46900B99CAA /* Color.swift */; };
		2FD7F3C329B1E47200B99CAA /* Font.swift in Sources */ = {isa = PBXBuildFile; fileRef = 2FD7F3C229B1E47200B99CAA /* Font.swift */; };
		2FD7F3C529B1E48B00B99CAA /* UIApplication.swift in Sources */ = {isa = PBXBuildFile; fileRef = 2FD7F3C429B1E48B00B99CAA /* UIApplication.swift */; };
		2FD7F3C729B1E50300B99CAA /* SignInView.swift in Sources */ = {isa = PBXBuildFile; fileRef = 2FD7F3C629B1E50300B99CAA /* SignInView.swift */; };
		2FD7F3C929B1E52C00B99CAA /* SplashScreenView.swift in Sources */ = {isa = PBXBuildFile; fileRef = 2FD7F3C829B1E52C00B99CAA /* SplashScreenView.swift */; };
		2FD7F3CB29B1EBF700B99CAA /* Pretendard-Black.otf in Resources */ = {isa = PBXBuildFile; fileRef = 2FD7F3B729B1E44500B99CAA /* Pretendard-Black.otf */; };
		2FD7F3CC29B1EBFA00B99CAA /* Pretendard-Bold.otf in Resources */ = {isa = PBXBuildFile; fileRef = 2FD7F3BA29B1E44600B99CAA /* Pretendard-Bold.otf */; };
		2FD7F3CD29B1EBFD00B99CAA /* Pretendard-ExtraBold.otf in Resources */ = {isa = PBXBuildFile; fileRef = 2FD7F3BB29B1E44600B99CAA /* Pretendard-ExtraBold.otf */; };
		2FD7F3CE29B1EC0000B99CAA /* Pretendard-ExtraLight.otf in Resources */ = {isa = PBXBuildFile; fileRef = 2FD7F3BE29B1E44600B99CAA /* Pretendard-ExtraLight.otf */; };
		2FD7F3CF29B1EC0200B99CAA /* Pretendard-Light.otf in Resources */ = {isa = PBXBuildFile; fileRef = 2FD7F3B829B1E44600B99CAA /* Pretendard-Light.otf */; };
		2FD7F3D029B1EC0400B99CAA /* Pretendard-Medium.otf in Resources */ = {isa = PBXBuildFile; fileRef = 2FD7F3BF29B1E44600B99CAA /* Pretendard-Medium.otf */; };
		2FD7F3D129B1EC0700B99CAA /* Pretendard-Regular.otf in Resources */ = {isa = PBXBuildFile; fileRef = 2FD7F3B929B1E44600B99CAA /* Pretendard-Regular.otf */; };
		2FD7F3D229B1EC0900B99CAA /* Pretendard-SemiBold.otf in Resources */ = {isa = PBXBuildFile; fileRef = 2FD7F3BD29B1E44600B99CAA /* Pretendard-SemiBold.otf */; };
		2FD7F3D329B1EC0C00B99CAA /* Pretendard-Thin.otf in Resources */ = {isa = PBXBuildFile; fileRef = 2FD7F3BC29B1E44600B99CAA /* Pretendard-Thin.otf */; };
		2FE23F5E2A336CF5009FA8CA /* PermissionManager.swift in Sources */ = {isa = PBXBuildFile; fileRef = 2FE23F5D2A336CF5009FA8CA /* PermissionManager.swift */; };
		2FE23F602A39AADA009FA8CA /* CryptManager.swift in Sources */ = {isa = PBXBuildFile; fileRef = 2FE23F5F2A39AADA009FA8CA /* CryptManager.swift */; };
		2FE23F622A39B981009FA8CA /* FirebaseManager.swift in Sources */ = {isa = PBXBuildFile; fileRef = 2FE23F612A39B981009FA8CA /* FirebaseManager.swift */; };
		2FE23F642A39DAF6009FA8CA /* ShareView.swift in Sources */ = {isa = PBXBuildFile; fileRef = 2FE23F632A39DAF6009FA8CA /* ShareView.swift */; };
		2FE23F692A417372009FA8CA /* CategoryRequest.swift in Sources */ = {isa = PBXBuildFile; fileRef = 2FE23F682A417372009FA8CA /* CategoryRequest.swift */; };
		2FE23F6B2A417380009FA8CA /* CategoryResponse.swift in Sources */ = {isa = PBXBuildFile; fileRef = 2FE23F6A2A417380009FA8CA /* CategoryResponse.swift */; };
		2FE23F6D2A4173D7009FA8CA /* AddDataManager.swift in Sources */ = {isa = PBXBuildFile; fileRef = 2FE23F6C2A4173D7009FA8CA /* AddDataManager.swift */; };
		2FE23F6F2A4173E4009FA8CA /* AddViewModel.swift in Sources */ = {isa = PBXBuildFile; fileRef = 2FE23F6E2A4173E4009FA8CA /* AddViewModel.swift */; };
		2FE23F712A4187CC009FA8CA /* LinesRequest.swift in Sources */ = {isa = PBXBuildFile; fileRef = 2FE23F702A4187CC009FA8CA /* LinesRequest.swift */; };
		2FE23F732A4187DA009FA8CA /* LinesResponse.swift in Sources */ = {isa = PBXBuildFile; fileRef = 2FE23F722A4187DA009FA8CA /* LinesResponse.swift */; };
		2FEA2B6429B73CE700DE8E54 /* ServiceAgreementView.swift in Sources */ = {isa = PBXBuildFile; fileRef = 2FEA2B6329B73CE700DE8E54 /* ServiceAgreementView.swift */; };
		2FEA2BA029B8685E00DE8E54 /* BackButton.swift in Sources */ = {isa = PBXBuildFile; fileRef = 2FEA2B9F29B8685E00DE8E54 /* BackButton.swift */; };
		2FEA2BA229B87A9200DE8E54 /* UserInfoView.swift in Sources */ = {isa = PBXBuildFile; fileRef = 2FEA2BA129B87A9200DE8E54 /* UserInfoView.swift */; };
		2FEA2BA529B892CB00DE8E54 /* TextFieldModifier.swift in Sources */ = {isa = PBXBuildFile; fileRef = 2FEA2BA429B892CB00DE8E54 /* TextFieldModifier.swift */; };
		2FEA2BA729B8969E00DE8E54 /* WelcomeView.swift in Sources */ = {isa = PBXBuildFile; fileRef = 2FEA2BA629B8969E00DE8E54 /* WelcomeView.swift */; };
		2FEA2BA929B8970A00DE8E54 /* NextButtonModifier.swift in Sources */ = {isa = PBXBuildFile; fileRef = 2FEA2BA829B8970A00DE8E54 /* NextButtonModifier.swift */; };
		2FEA2BAE29B9EC1C00DE8E54 /* FindPasswordView.swift in Sources */ = {isa = PBXBuildFile; fileRef = 2FEA2BAD29B9EC1C00DE8E54 /* FindPasswordView.swift */; };
		2FEA2BB029B9F4B200DE8E54 /* MainTabView.swift in Sources */ = {isa = PBXBuildFile; fileRef = 2FEA2BAF29B9F4B200DE8E54 /* MainTabView.swift */; };
		2FEA2BB729BA064B00DE8E54 /* HomeView.swift in Sources */ = {isa = PBXBuildFile; fileRef = 2FEA2BB629BA064B00DE8E54 /* HomeView.swift */; };
		2FEA2BBA29BA066100DE8E54 /* AnalysisView.swift in Sources */ = {isa = PBXBuildFile; fileRef = 2FEA2BB929BA066100DE8E54 /* AnalysisView.swift */; };
		2FEA2BBC29BA066D00DE8E54 /* AddView.swift in Sources */ = {isa = PBXBuildFile; fileRef = 2FEA2BBB29BA066D00DE8E54 /* AddView.swift */; };
		2FEA2BBE29BA067800DE8E54 /* CalculateView.swift in Sources */ = {isa = PBXBuildFile; fileRef = 2FEA2BBD29BA067800DE8E54 /* CalculateView.swift */; };
		2FEA2BC029BA068200DE8E54 /* MyPageView.swift in Sources */ = {isa = PBXBuildFile; fileRef = 2FEA2BBF29BA068200DE8E54 /* MyPageView.swift */; };
		2FEA2BCC29C43D9500DE8E54 /* EmailAuthView.swift in Sources */ = {isa = PBXBuildFile; fileRef = 2FEA2BCB29C43D9500DE8E54 /* EmailAuthView.swift */; };
		2FEA2BCF29C43F2400DE8E54 /* AuthCodeView.swift in Sources */ = {isa = PBXBuildFile; fileRef = 2FEA2BCE29C43F2400DE8E54 /* AuthCodeView.swift */; };
		2FEA2BD229C4424600DE8E54 /* OTPViewModel.swift in Sources */ = {isa = PBXBuildFile; fileRef = 2FEA2BD129C4424600DE8E54 /* OTPViewModel.swift */; };
		2FEA2BD529C9B70600DE8E54 /* UserInformationView.swift in Sources */ = {isa = PBXBuildFile; fileRef = 2FEA2BD429C9B70600DE8E54 /* UserInformationView.swift */; };
		2FEA2BD829CABB8D00DE8E54 /* ChangePasswordView.swift in Sources */ = {isa = PBXBuildFile; fileRef = 2FEA2BD729CABB8D00DE8E54 /* ChangePasswordView.swift */; };
		2FEA2BDB29CD63B300DE8E54 /* SetProfileImageView.swift in Sources */ = {isa = PBXBuildFile; fileRef = 2FEA2BDA29CD63B300DE8E54 /* SetProfileImageView.swift */; };
		2FEA2BDE29D0390300DE8E54 /* WithdrawalView.swift in Sources */ = {isa = PBXBuildFile; fileRef = 2FEA2BDD29D0390300DE8E54 /* WithdrawalView.swift */; };
		2FF25C8629E181C000737346 /* SendBookCodeView.swift in Sources */ = {isa = PBXBuildFile; fileRef = 2FF25C8529E181C000737346 /* SendBookCodeView.swift */; };
		2FF25C8829E1858600737346 /* View.swift in Sources */ = {isa = PBXBuildFile; fileRef = 2FF25C8729E1858600737346 /* View.swift */; };
		2FF25C8F29E7EE9D00737346 /* BottomSheet.swift in Sources */ = {isa = PBXBuildFile; fileRef = 2FF25C8E29E7EE9D00737346 /* BottomSheet.swift */; };
		2FF25C9129E7EF0400737346 /* ButtonLarge.swift in Sources */ = {isa = PBXBuildFile; fileRef = 2FF25C9029E7EF0400737346 /* ButtonLarge.swift */; };
		2FF25C9429E7EF6500737346 /* RoundedCorners.swift in Sources */ = {isa = PBXBuildFile; fileRef = 2FF25C9329E7EF6500737346 /* RoundedCorners.swift */; };
		2FF25C9929E80D7E00737346 /* SetBookNameView.swift in Sources */ = {isa = PBXBuildFile; fileRef = 2FF25C9829E80D7E00737346 /* SetBookNameView.swift */; };
		2FF7247E2A5F0EC4008B9333 /* Date.swift in Sources */ = {isa = PBXBuildFile; fileRef = 2FF7247D2A5F0EC3008B9333 /* Date.swift */; };
		2FF724802A5F1D1E008B9333 /* YearMonthPicker.swift in Sources */ = {isa = PBXBuildFile; fileRef = 2FF7247F2A5F1D1E008B9333 /* YearMonthPicker.swift */; };
		2FF724882A654AC7008B9333 /* BookExistenceResponse.swift in Sources */ = {isa = PBXBuildFile; fileRef = 2FF724872A654AC7008B9333 /* BookExistenceResponse.swift */; };
		2FF7248A2A654AD8008B9333 /* BookExistenceDataManager.swift in Sources */ = {isa = PBXBuildFile; fileRef = 2FF724892A654AD8008B9333 /* BookExistenceDataManager.swift */; };
		2FF7248C2A654AE6008B9333 /* BookExistenceViewModel.swift in Sources */ = {isa = PBXBuildFile; fileRef = 2FF7248B2A654AE6008B9333 /* BookExistenceViewModel.swift */; };
		2FFA302429EE775B00412F83 /* SetBookProfileView.swift in Sources */ = {isa = PBXBuildFile; fileRef = 2FFA302329EE775B00412F83 /* SetBookProfileView.swift */; };
		2FFA302629EE81C000412F83 /* CreateBookView.swift in Sources */ = {isa = PBXBuildFile; fileRef = 2FFA302529EE81C000412F83 /* CreateBookView.swift */; };
		2FFA302A29EEAE6700412F83 /* SignUpRequest.swift in Sources */ = {isa = PBXBuildFile; fileRef = 2FFA302929EEAE6700412F83 /* SignUpRequest.swift */; };
		2FFA302C29EEAEB900412F83 /* SignUpResponse.swift in Sources */ = {isa = PBXBuildFile; fileRef = 2FFA302B29EEAEB900412F83 /* SignUpResponse.swift */; };
		2FFA302E29EEAEE100412F83 /* SignUpDataManager.swift in Sources */ = {isa = PBXBuildFile; fileRef = 2FFA302D29EEAEE100412F83 /* SignUpDataManager.swift */; };
		2FFA303229EEAF6000412F83 /* SignInRequest.swift in Sources */ = {isa = PBXBuildFile; fileRef = 2FFA303129EEAF6000412F83 /* SignInRequest.swift */; };
		2FFA303429EEAF6B00412F83 /* SignInResponse.swift in Sources */ = {isa = PBXBuildFile; fileRef = 2FFA303329EEAF6B00412F83 /* SignInResponse.swift */; };
		2FFA303629EEB02800412F83 /* SignInDataManager.swift in Sources */ = {isa = PBXBuildFile; fileRef = 2FFA303529EEB02800412F83 /* SignInDataManager.swift */; };
		2FFDC36A2A00084600BE4C1B /* SignInViewModel.swift in Sources */ = {isa = PBXBuildFile; fileRef = 2FFDC3692A00084600BE4C1B /* SignInViewModel.swift */; };
		2FFDC36C2A00089F00BE4C1B /* NetworkError.swift in Sources */ = {isa = PBXBuildFile; fileRef = 2FFDC36B2A00089F00BE4C1B /* NetworkError.swift */; };
		3E803C4A08383EAF5C709410 /* libPods-Floney.a in Frameworks */ = {isa = PBXBuildFile; fileRef = C5977FA1E14265D8E26FBC38 /* libPods-Floney.a */; };
/* End PBXBuildFile section */

/* Begin PBXFileReference section */
		2F0D01172A03CEB600DAF21D /* SignUpViewModel.swift */ = {isa = PBXFileReference; lastKnownFileType = sourcecode.swift; path = SignUpViewModel.swift; sourceTree = "<group>"; };
		2F146A5A2A13A1260089AB3D /* GoogleService-Info.plist */ = {isa = PBXFileReference; fileEncoding = 4; lastKnownFileType = text.plist.xml; path = "GoogleService-Info.plist"; sourceTree = "<group>"; };
		2F146A5D2A14B52D0089AB3D /* TokenReissueDataManager.swift */ = {isa = PBXFileReference; lastKnownFileType = sourcecode.swift; path = TokenReissueDataManager.swift; sourceTree = "<group>"; };
		2F146A612A14B5AF0089AB3D /* TokenReissueRequest.swift */ = {isa = PBXFileReference; lastKnownFileType = sourcecode.swift; path = TokenReissueRequest.swift; sourceTree = "<group>"; };
		2F146A632A14B5BD0089AB3D /* TokenReissueResponse.swift */ = {isa = PBXFileReference; lastKnownFileType = sourcecode.swift; path = TokenReissueResponse.swift; sourceTree = "<group>"; };
		2F146A692A14B6980089AB3D /* TokenReissueViewModel.swift */ = {isa = PBXFileReference; lastKnownFileType = sourcecode.swift; path = TokenReissueViewModel.swift; sourceTree = "<group>"; };
		2F1614542A07CFE20029E9A9 /* Keychain.swift */ = {isa = PBXFileReference; lastKnownFileType = sourcecode.swift; path = Keychain.swift; sourceTree = "<group>"; };
		2F1614562A07F2A60029E9A9 /* EnterBookCodeView.swift */ = {isa = PBXFileReference; lastKnownFileType = sourcecode.swift; path = EnterBookCodeView.swift; sourceTree = "<group>"; };
		2F1614582A07F3880029E9A9 /* EnterBookView.swift */ = {isa = PBXFileReference; lastKnownFileType = sourcecode.swift; path = EnterBookView.swift; sourceTree = "<group>"; };
		2F16145D2A07F4CA0029E9A9 /* BookCodeRequest.swift */ = {isa = PBXFileReference; lastKnownFileType = sourcecode.swift; path = BookCodeRequest.swift; sourceTree = "<group>"; };
		2F16145F2A07F4DC0029E9A9 /* BookCodeResponse.swift */ = {isa = PBXFileReference; lastKnownFileType = sourcecode.swift; path = BookCodeResponse.swift; sourceTree = "<group>"; };
		2F1614612A07F5FE0029E9A9 /* SendBookCodeViewModel.swift */ = {isa = PBXFileReference; lastKnownFileType = sourcecode.swift; path = SendBookCodeViewModel.swift; sourceTree = "<group>"; };
		2F1614632A07F6120029E9A9 /* SendBookCodeDataManager.swift */ = {isa = PBXFileReference; lastKnownFileType = sourcecode.swift; path = SendBookCodeDataManager.swift; sourceTree = "<group>"; };
		2F1614682A0804A50029E9A9 /* CreateBookRequest.swift */ = {isa = PBXFileReference; lastKnownFileType = sourcecode.swift; path = CreateBookRequest.swift; sourceTree = "<group>"; };
		2F16146A2A0804B90029E9A9 /* CreateBookResponse.swift */ = {isa = PBXFileReference; lastKnownFileType = sourcecode.swift; path = CreateBookResponse.swift; sourceTree = "<group>"; };
		2F16146C2A0804CA0029E9A9 /* CreateBookDataManager.swift */ = {isa = PBXFileReference; lastKnownFileType = sourcecode.swift; path = CreateBookDataManager.swift; sourceTree = "<group>"; };
		2F16146F2A0804E30029E9A9 /* CreateBookViewModel.swift */ = {isa = PBXFileReference; lastKnownFileType = sourcecode.swift; path = CreateBookViewModel.swift; sourceTree = "<group>"; };
		2F1614722A080C920029E9A9 /* ServiceAgreementViewModel.swift */ = {isa = PBXFileReference; lastKnownFileType = sourcecode.swift; path = ServiceAgreementViewModel.swift; sourceTree = "<group>"; };
		2F1614752A0A32A20029E9A9 /* CalendarRequest.swift */ = {isa = PBXFileReference; lastKnownFileType = sourcecode.swift; path = CalendarRequest.swift; sourceTree = "<group>"; };
		2F1614772A0A32AF0029E9A9 /* CalendarResponse.swift */ = {isa = PBXFileReference; lastKnownFileType = sourcecode.swift; path = CalendarResponse.swift; sourceTree = "<group>"; };
		2F16147B2A0A33A80029E9A9 /* CalendarDataManager.swift */ = {isa = PBXFileReference; lastKnownFileType = sourcecode.swift; path = CalendarDataManager.swift; sourceTree = "<group>"; };
		2F16147D2A0A33B70029E9A9 /* CalendarViewModel.swift */ = {isa = PBXFileReference; lastKnownFileType = sourcecode.swift; path = CalendarViewModel.swift; sourceTree = "<group>"; };
		2F16147F2A0A3E510029E9A9 /* Config.xcconfig */ = {isa = PBXFileReference; lastKnownFileType = text.xcconfig; path = Config.xcconfig; sourceTree = "<group>"; };
		2F1614802A0A438A0029E9A9 /* AppDelegate.swift */ = {isa = PBXFileReference; lastKnownFileType = sourcecode.swift; path = AppDelegate.swift; sourceTree = "<group>"; };
		2F1614822A0A45B80029E9A9 /* Secret.swift */ = {isa = PBXFileReference; lastKnownFileType = sourcecode.swift; path = Secret.swift; sourceTree = "<group>"; };
		2F1614852A0A76A50029E9A9 /* MyPageViewModel.swift */ = {isa = PBXFileReference; lastKnownFileType = sourcecode.swift; path = MyPageViewModel.swift; sourceTree = "<group>"; };
		2F1614882A0A76E70029E9A9 /* MyPageRequest.swift */ = {isa = PBXFileReference; lastKnownFileType = sourcecode.swift; path = MyPageRequest.swift; sourceTree = "<group>"; };
		2F16148A2A0A76F20029E9A9 /* MyPageResponse.swift */ = {isa = PBXFileReference; lastKnownFileType = sourcecode.swift; path = MyPageResponse.swift; sourceTree = "<group>"; };
		2F16148D2A0A771E0029E9A9 /* MyPageDataManager.swift */ = {isa = PBXFileReference; lastKnownFileType = sourcecode.swift; path = MyPageDataManager.swift; sourceTree = "<group>"; };
		2F1614912A0F971B0029E9A9 /* DayLinesView.swift */ = {isa = PBXFileReference; lastKnownFileType = sourcecode.swift; path = DayLinesView.swift; sourceTree = "<group>"; };
		2F1614932A0FABBE0029E9A9 /* CustomAlert.swift */ = {isa = PBXFileReference; lastKnownFileType = sourcecode.swift; path = CustomAlert.swift; sourceTree = "<group>"; };
		2F1614952A136FC60029E9A9 /* Floney.entitlements */ = {isa = PBXFileReference; lastKnownFileType = text.plist.entitlements; path = Floney.entitlements; sourceTree = "<group>"; };
		2F1614962A1370B90029E9A9 /* SignInWithAppleCoordinator.swift */ = {isa = PBXFileReference; lastKnownFileType = sourcecode.swift; path = SignInWithAppleCoordinator.swift; sourceTree = "<group>"; };
		2F28C2D02A4C228600894F67 /* AuthenticationService.swift */ = {isa = PBXFileReference; lastKnownFileType = sourcecode.swift; path = AuthenticationService.swift; sourceTree = "<group>"; };
		2F28C2D52A4ED60E00894F67 /* SettingBookDataManager.swift */ = {isa = PBXFileReference; lastKnownFileType = sourcecode.swift; path = SettingBookDataManager.swift; sourceTree = "<group>"; };
		2F28C2D72A4ED61B00894F67 /* SettingBookViewModel.swift */ = {isa = PBXFileReference; lastKnownFileType = sourcecode.swift; path = SettingBookViewModel.swift; sourceTree = "<group>"; };
		2F28C2D92A4ED63900894F67 /* SettingBookRequest.swift */ = {isa = PBXFileReference; lastKnownFileType = sourcecode.swift; path = SettingBookRequest.swift; sourceTree = "<group>"; };
		2F28C2DB2A4ED64500894F67 /* SettingBookResponse.swift */ = {isa = PBXFileReference; lastKnownFileType = sourcecode.swift; path = SettingBookResponse.swift; sourceTree = "<group>"; };
		2F28C2DD2A55605B00894F67 /* SetUserCalcView.swift */ = {isa = PBXFileReference; lastKnownFileType = sourcecode.swift; path = SetUserCalcView.swift; sourceTree = "<group>"; };
		2F28C2DF2A55689000894F67 /* SetPeriodCalcView.swift */ = {isa = PBXFileReference; lastKnownFileType = sourcecode.swift; path = SetPeriodCalcView.swift; sourceTree = "<group>"; };
		2F28C2E12A556BC100894F67 /* SetContentCalcView.swift */ = {isa = PBXFileReference; lastKnownFileType = sourcecode.swift; path = SetContentCalcView.swift; sourceTree = "<group>"; };
		2F28C2E32A55723900894F67 /* CompleteCalcView.swift */ = {isa = PBXFileReference; lastKnownFileType = sourcecode.swift; path = CompleteCalcView.swift; sourceTree = "<group>"; };
		2F28C2E62A55814200894F67 /* CalculateViewModel.swift */ = {isa = PBXFileReference; lastKnownFileType = sourcecode.swift; path = CalculateViewModel.swift; sourceTree = "<group>"; };
		2FB3DA6B2A5C25FD00E1486D /* CalculateDataManager.swift */ = {isa = PBXFileReference; lastKnownFileType = sourcecode.swift; path = CalculateDataManager.swift; sourceTree = "<group>"; };
		2FB3DA6D2A5C264800E1486D /* SettlementRequest.swift */ = {isa = PBXFileReference; lastKnownFileType = sourcecode.swift; path = SettlementRequest.swift; sourceTree = "<group>"; };
		2FB3DA6F2A5C265700E1486D /* SettlementResponse.swift */ = {isa = PBXFileReference; lastKnownFileType = sourcecode.swift; path = SettlementResponse.swift; sourceTree = "<group>"; };
		2FB3DA712A5C867200E1486D /* ExpenseView.swift */ = {isa = PBXFileReference; lastKnownFileType = sourcecode.swift; path = ExpenseView.swift; sourceTree = "<group>"; };
		2FB3DA732A5C86B800E1486D /* IncomeView.swift */ = {isa = PBXFileReference; lastKnownFileType = sourcecode.swift; path = IncomeView.swift; sourceTree = "<group>"; };
		2FB3DA752A5C86D800E1486D /* BudgetView.swift */ = {isa = PBXFileReference; lastKnownFileType = sourcecode.swift; path = BudgetView.swift; sourceTree = "<group>"; };
		2FB3DA772A5C86E800E1486D /* AssetView.swift */ = {isa = PBXFileReference; lastKnownFileType = sourcecode.swift; path = AssetView.swift; sourceTree = "<group>"; };
		2FB3DA7A2A5C8F8D00E1486D /* AnalysisResponse.swift */ = {isa = PBXFileReference; lastKnownFileType = sourcecode.swift; path = AnalysisResponse.swift; sourceTree = "<group>"; };
		2FB3DA7D2A5C92F700E1486D /* AnalysisViewModel.swift */ = {isa = PBXFileReference; lastKnownFileType = sourcecode.swift; path = AnalysisViewModel.swift; sourceTree = "<group>"; };
		2FB3DA802A5C934300E1486D /* AnalysisDataManager.swift */ = {isa = PBXFileReference; lastKnownFileType = sourcecode.swift; path = AnalysisDataManager.swift; sourceTree = "<group>"; };
		2FB3DA822A5D722E00E1486D /* CategoryManagementView.swift */ = {isa = PBXFileReference; lastKnownFileType = sourcecode.swift; path = CategoryManagementView.swift; sourceTree = "<group>"; };
		2FB3DA842A5D7AFC00E1486D /* AddCategoryView.swift */ = {isa = PBXFileReference; lastKnownFileType = sourcecode.swift; path = AddCategoryView.swift; sourceTree = "<group>"; };
		2FB3DA862A5DB59E00E1486D /* LoadingView.swift */ = {isa = PBXFileReference; lastKnownFileType = sourcecode.swift; path = LoadingView.swift; sourceTree = "<group>"; };
		2FC3B1CF2A1CD26A00572804 /* KakaoLoginRequest.swift */ = {isa = PBXFileReference; lastKnownFileType = sourcecode.swift; path = KakaoLoginRequest.swift; sourceTree = "<group>"; };
		2FC3B1D12A1CD2E200572804 /* KakaoLoginResponse.swift */ = {isa = PBXFileReference; lastKnownFileType = sourcecode.swift; path = KakaoLoginResponse.swift; sourceTree = "<group>"; };
		2FC3B1D42A25E30A00572804 /* SettingBookView.swift */ = {isa = PBXFileReference; lastKnownFileType = sourcecode.swift; path = SettingBookView.swift; sourceTree = "<group>"; };
		2FC3B1D62A25F95600572804 /* ModifyingBookView.swift */ = {isa = PBXFileReference; lastKnownFileType = sourcecode.swift; path = ModifyingBookView.swift; sourceTree = "<group>"; };
		2FC3B1D82A25F9F200572804 /* SetBookProfileImageView.swift */ = {isa = PBXFileReference; lastKnownFileType = sourcecode.swift; path = SetBookProfileImageView.swift; sourceTree = "<group>"; };
		2FC3B1DA2A2733D200572804 /* GoogleSignIn.swift */ = {isa = PBXFileReference; lastKnownFileType = sourcecode.swift; path = GoogleSignIn.swift; sourceTree = "<group>"; };
		2FC3B1DC2A274FF200572804 /* TextFieldLarge.swift */ = {isa = PBXFileReference; lastKnownFileType = sourcecode.swift; path = TextFieldLarge.swift; sourceTree = "<group>"; };
		2FC3B1DE2A2DC80500572804 /* CategoryButton.swift */ = {isa = PBXFileReference; lastKnownFileType = sourcecode.swift; path = CategoryButton.swift; sourceTree = "<group>"; };
		2FC3B1E12A321B1E00572804 /* ImagePicker.swift */ = {isa = PBXFileReference; lastKnownFileType = sourcecode.swift; path = ImagePicker.swift; sourceTree = "<group>"; };
		2FD7F39829B1E26D00B99CAA /* Floney.app */ = {isa = PBXFileReference; explicitFileType = wrapper.application; includeInIndex = 0; path = Floney.app; sourceTree = BUILT_PRODUCTS_DIR; };
		2FD7F39B29B1E26D00B99CAA /* FloneyApp.swift */ = {isa = PBXFileReference; lastKnownFileType = sourcecode.swift; path = FloneyApp.swift; sourceTree = "<group>"; };
		2FD7F39D29B1E26D00B99CAA /* ContentView.swift */ = {isa = PBXFileReference; lastKnownFileType = sourcecode.swift; path = ContentView.swift; sourceTree = "<group>"; };
		2FD7F39F29B1E26E00B99CAA /* Assets.xcassets */ = {isa = PBXFileReference; lastKnownFileType = folder.assetcatalog; path = Assets.xcassets; sourceTree = "<group>"; };
		2FD7F3A229B1E26E00B99CAA /* Preview Assets.xcassets */ = {isa = PBXFileReference; lastKnownFileType = folder.assetcatalog; path = "Preview Assets.xcassets"; sourceTree = "<group>"; };
		2FD7F3B529B1E42400B99CAA /* Constant.swift */ = {isa = PBXFileReference; lastKnownFileType = sourcecode.swift; path = Constant.swift; sourceTree = "<group>"; };
		2FD7F3B729B1E44500B99CAA /* Pretendard-Black.otf */ = {isa = PBXFileReference; lastKnownFileType = file; path = "Pretendard-Black.otf"; sourceTree = "<group>"; };
		2FD7F3B829B1E44600B99CAA /* Pretendard-Light.otf */ = {isa = PBXFileReference; lastKnownFileType = file; path = "Pretendard-Light.otf"; sourceTree = "<group>"; };
		2FD7F3B929B1E44600B99CAA /* Pretendard-Regular.otf */ = {isa = PBXFileReference; lastKnownFileType = file; path = "Pretendard-Regular.otf"; sourceTree = "<group>"; };
		2FD7F3BA29B1E44600B99CAA /* Pretendard-Bold.otf */ = {isa = PBXFileReference; lastKnownFileType = file; path = "Pretendard-Bold.otf"; sourceTree = "<group>"; };
		2FD7F3BB29B1E44600B99CAA /* Pretendard-ExtraBold.otf */ = {isa = PBXFileReference; lastKnownFileType = file; path = "Pretendard-ExtraBold.otf"; sourceTree = "<group>"; };
		2FD7F3BC29B1E44600B99CAA /* Pretendard-Thin.otf */ = {isa = PBXFileReference; lastKnownFileType = file; path = "Pretendard-Thin.otf"; sourceTree = "<group>"; };
		2FD7F3BD29B1E44600B99CAA /* Pretendard-SemiBold.otf */ = {isa = PBXFileReference; lastKnownFileType = file; path = "Pretendard-SemiBold.otf"; sourceTree = "<group>"; };
		2FD7F3BE29B1E44600B99CAA /* Pretendard-ExtraLight.otf */ = {isa = PBXFileReference; lastKnownFileType = file; path = "Pretendard-ExtraLight.otf"; sourceTree = "<group>"; };
		2FD7F3BF29B1E44600B99CAA /* Pretendard-Medium.otf */ = {isa = PBXFileReference; lastKnownFileType = file; path = "Pretendard-Medium.otf"; sourceTree = "<group>"; };
		2FD7F3C029B1E46900B99CAA /* Color.swift */ = {isa = PBXFileReference; lastKnownFileType = sourcecode.swift; path = Color.swift; sourceTree = "<group>"; };
		2FD7F3C229B1E47200B99CAA /* Font.swift */ = {isa = PBXFileReference; lastKnownFileType = sourcecode.swift; path = Font.swift; sourceTree = "<group>"; };
		2FD7F3C429B1E48B00B99CAA /* UIApplication.swift */ = {isa = PBXFileReference; lastKnownFileType = sourcecode.swift; path = UIApplication.swift; sourceTree = "<group>"; };
		2FD7F3C629B1E50300B99CAA /* SignInView.swift */ = {isa = PBXFileReference; lastKnownFileType = sourcecode.swift; path = SignInView.swift; sourceTree = "<group>"; };
		2FD7F3C829B1E52C00B99CAA /* SplashScreenView.swift */ = {isa = PBXFileReference; lastKnownFileType = sourcecode.swift; path = SplashScreenView.swift; sourceTree = "<group>"; };
		2FD7F3CA29B1E5C500B99CAA /* Info.plist */ = {isa = PBXFileReference; lastKnownFileType = text.plist; path = Info.plist; sourceTree = "<group>"; };
		2FE23F5D2A336CF5009FA8CA /* PermissionManager.swift */ = {isa = PBXFileReference; lastKnownFileType = sourcecode.swift; path = PermissionManager.swift; sourceTree = "<group>"; };
		2FE23F5F2A39AADA009FA8CA /* CryptManager.swift */ = {isa = PBXFileReference; lastKnownFileType = sourcecode.swift; path = CryptManager.swift; sourceTree = "<group>"; };
		2FE23F612A39B981009FA8CA /* FirebaseManager.swift */ = {isa = PBXFileReference; lastKnownFileType = sourcecode.swift; path = FirebaseManager.swift; sourceTree = "<group>"; };
		2FE23F632A39DAF6009FA8CA /* ShareView.swift */ = {isa = PBXFileReference; lastKnownFileType = sourcecode.swift; path = ShareView.swift; sourceTree = "<group>"; };
		2FE23F682A417372009FA8CA /* CategoryRequest.swift */ = {isa = PBXFileReference; lastKnownFileType = sourcecode.swift; path = CategoryRequest.swift; sourceTree = "<group>"; };
		2FE23F6A2A417380009FA8CA /* CategoryResponse.swift */ = {isa = PBXFileReference; lastKnownFileType = sourcecode.swift; path = CategoryResponse.swift; sourceTree = "<group>"; };
		2FE23F6C2A4173D7009FA8CA /* AddDataManager.swift */ = {isa = PBXFileReference; lastKnownFileType = sourcecode.swift; path = AddDataManager.swift; sourceTree = "<group>"; };
		2FE23F6E2A4173E4009FA8CA /* AddViewModel.swift */ = {isa = PBXFileReference; lastKnownFileType = sourcecode.swift; path = AddViewModel.swift; sourceTree = "<group>"; };
		2FE23F702A4187CC009FA8CA /* LinesRequest.swift */ = {isa = PBXFileReference; lastKnownFileType = sourcecode.swift; path = LinesRequest.swift; sourceTree = "<group>"; };
		2FE23F722A4187DA009FA8CA /* LinesResponse.swift */ = {isa = PBXFileReference; lastKnownFileType = sourcecode.swift; path = LinesResponse.swift; sourceTree = "<group>"; };
		2FEA2B6329B73CE700DE8E54 /* ServiceAgreementView.swift */ = {isa = PBXFileReference; lastKnownFileType = sourcecode.swift; path = ServiceAgreementView.swift; sourceTree = "<group>"; };
		2FEA2B9F29B8685E00DE8E54 /* BackButton.swift */ = {isa = PBXFileReference; lastKnownFileType = sourcecode.swift; path = BackButton.swift; sourceTree = "<group>"; };
		2FEA2BA129B87A9200DE8E54 /* UserInfoView.swift */ = {isa = PBXFileReference; lastKnownFileType = sourcecode.swift; path = UserInfoView.swift; sourceTree = "<group>"; };
		2FEA2BA429B892CB00DE8E54 /* TextFieldModifier.swift */ = {isa = PBXFileReference; lastKnownFileType = sourcecode.swift; path = TextFieldModifier.swift; sourceTree = "<group>"; };
		2FEA2BA629B8969E00DE8E54 /* WelcomeView.swift */ = {isa = PBXFileReference; lastKnownFileType = sourcecode.swift; path = WelcomeView.swift; sourceTree = "<group>"; };
		2FEA2BA829B8970A00DE8E54 /* NextButtonModifier.swift */ = {isa = PBXFileReference; lastKnownFileType = sourcecode.swift; path = NextButtonModifier.swift; sourceTree = "<group>"; };
		2FEA2BAD29B9EC1C00DE8E54 /* FindPasswordView.swift */ = {isa = PBXFileReference; lastKnownFileType = sourcecode.swift; path = FindPasswordView.swift; sourceTree = "<group>"; };
		2FEA2BAF29B9F4B200DE8E54 /* MainTabView.swift */ = {isa = PBXFileReference; lastKnownFileType = sourcecode.swift; path = MainTabView.swift; sourceTree = "<group>"; };
		2FEA2BB629BA064B00DE8E54 /* HomeView.swift */ = {isa = PBXFileReference; lastKnownFileType = sourcecode.swift; path = HomeView.swift; sourceTree = "<group>"; };
		2FEA2BB929BA066100DE8E54 /* AnalysisView.swift */ = {isa = PBXFileReference; lastKnownFileType = sourcecode.swift; path = AnalysisView.swift; sourceTree = "<group>"; };
		2FEA2BBB29BA066D00DE8E54 /* AddView.swift */ = {isa = PBXFileReference; lastKnownFileType = sourcecode.swift; path = AddView.swift; sourceTree = "<group>"; };
		2FEA2BBD29BA067800DE8E54 /* CalculateView.swift */ = {isa = PBXFileReference; lastKnownFileType = sourcecode.swift; path = CalculateView.swift; sourceTree = "<group>"; };
		2FEA2BBF29BA068200DE8E54 /* MyPageView.swift */ = {isa = PBXFileReference; lastKnownFileType = sourcecode.swift; path = MyPageView.swift; sourceTree = "<group>"; };
		2FEA2BCB29C43D9500DE8E54 /* EmailAuthView.swift */ = {isa = PBXFileReference; lastKnownFileType = sourcecode.swift; path = EmailAuthView.swift; sourceTree = "<group>"; };
		2FEA2BCE29C43F2400DE8E54 /* AuthCodeView.swift */ = {isa = PBXFileReference; lastKnownFileType = sourcecode.swift; path = AuthCodeView.swift; sourceTree = "<group>"; };
		2FEA2BD129C4424600DE8E54 /* OTPViewModel.swift */ = {isa = PBXFileReference; lastKnownFileType = sourcecode.swift; path = OTPViewModel.swift; sourceTree = "<group>"; };
		2FEA2BD429C9B70600DE8E54 /* UserInformationView.swift */ = {isa = PBXFileReference; lastKnownFileType = sourcecode.swift; path = UserInformationView.swift; sourceTree = "<group>"; };
		2FEA2BD729CABB8D00DE8E54 /* ChangePasswordView.swift */ = {isa = PBXFileReference; lastKnownFileType = sourcecode.swift; path = ChangePasswordView.swift; sourceTree = "<group>"; };
		2FEA2BDA29CD63B300DE8E54 /* SetProfileImageView.swift */ = {isa = PBXFileReference; lastKnownFileType = sourcecode.swift; path = SetProfileImageView.swift; sourceTree = "<group>"; };
		2FEA2BDD29D0390300DE8E54 /* WithdrawalView.swift */ = {isa = PBXFileReference; lastKnownFileType = sourcecode.swift; path = WithdrawalView.swift; sourceTree = "<group>"; };
		2FF25C8529E181C000737346 /* SendBookCodeView.swift */ = {isa = PBXFileReference; lastKnownFileType = sourcecode.swift; path = SendBookCodeView.swift; sourceTree = "<group>"; };
		2FF25C8729E1858600737346 /* View.swift */ = {isa = PBXFileReference; lastKnownFileType = sourcecode.swift; path = View.swift; sourceTree = "<group>"; };
		2FF25C8E29E7EE9D00737346 /* BottomSheet.swift */ = {isa = PBXFileReference; lastKnownFileType = sourcecode.swift; path = BottomSheet.swift; sourceTree = "<group>"; };
		2FF25C9029E7EF0400737346 /* ButtonLarge.swift */ = {isa = PBXFileReference; lastKnownFileType = sourcecode.swift; path = ButtonLarge.swift; sourceTree = "<group>"; };
		2FF25C9329E7EF6500737346 /* RoundedCorners.swift */ = {isa = PBXFileReference; lastKnownFileType = sourcecode.swift; path = RoundedCorners.swift; sourceTree = "<group>"; };
		2FF25C9829E80D7E00737346 /* SetBookNameView.swift */ = {isa = PBXFileReference; lastKnownFileType = sourcecode.swift; path = SetBookNameView.swift; sourceTree = "<group>"; };
		2FF7247D2A5F0EC3008B9333 /* Date.swift */ = {isa = PBXFileReference; lastKnownFileType = sourcecode.swift; path = Date.swift; sourceTree = "<group>"; };
		2FF7247F2A5F1D1E008B9333 /* YearMonthPicker.swift */ = {isa = PBXFileReference; lastKnownFileType = sourcecode.swift; path = YearMonthPicker.swift; sourceTree = "<group>"; };
		2FF724872A654AC7008B9333 /* BookExistenceResponse.swift */ = {isa = PBXFileReference; lastKnownFileType = sourcecode.swift; path = BookExistenceResponse.swift; sourceTree = "<group>"; };
		2FF724892A654AD8008B9333 /* BookExistenceDataManager.swift */ = {isa = PBXFileReference; lastKnownFileType = sourcecode.swift; path = BookExistenceDataManager.swift; sourceTree = "<group>"; };
		2FF7248B2A654AE6008B9333 /* BookExistenceViewModel.swift */ = {isa = PBXFileReference; lastKnownFileType = sourcecode.swift; path = BookExistenceViewModel.swift; sourceTree = "<group>"; };
		2FFA302329EE775B00412F83 /* SetBookProfileView.swift */ = {isa = PBXFileReference; lastKnownFileType = sourcecode.swift; path = SetBookProfileView.swift; sourceTree = "<group>"; };
		2FFA302529EE81C000412F83 /* CreateBookView.swift */ = {isa = PBXFileReference; lastKnownFileType = sourcecode.swift; path = CreateBookView.swift; sourceTree = "<group>"; };
		2FFA302929EEAE6700412F83 /* SignUpRequest.swift */ = {isa = PBXFileReference; lastKnownFileType = sourcecode.swift; path = SignUpRequest.swift; sourceTree = "<group>"; };
		2FFA302B29EEAEB900412F83 /* SignUpResponse.swift */ = {isa = PBXFileReference; lastKnownFileType = sourcecode.swift; path = SignUpResponse.swift; sourceTree = "<group>"; };
		2FFA302D29EEAEE100412F83 /* SignUpDataManager.swift */ = {isa = PBXFileReference; lastKnownFileType = sourcecode.swift; path = SignUpDataManager.swift; sourceTree = "<group>"; };
		2FFA303129EEAF6000412F83 /* SignInRequest.swift */ = {isa = PBXFileReference; lastKnownFileType = sourcecode.swift; path = SignInRequest.swift; sourceTree = "<group>"; };
		2FFA303329EEAF6B00412F83 /* SignInResponse.swift */ = {isa = PBXFileReference; lastKnownFileType = sourcecode.swift; path = SignInResponse.swift; sourceTree = "<group>"; };
		2FFA303529EEB02800412F83 /* SignInDataManager.swift */ = {isa = PBXFileReference; lastKnownFileType = sourcecode.swift; path = SignInDataManager.swift; sourceTree = "<group>"; };
		2FFDC3692A00084600BE4C1B /* SignInViewModel.swift */ = {isa = PBXFileReference; lastKnownFileType = sourcecode.swift; path = SignInViewModel.swift; sourceTree = "<group>"; };
		2FFDC36B2A00089F00BE4C1B /* NetworkError.swift */ = {isa = PBXFileReference; lastKnownFileType = sourcecode.swift; path = NetworkError.swift; sourceTree = "<group>"; };
		67A9A49F4C8E4F3292D98C83 /* Pods-Floney.release.xcconfig */ = {isa = PBXFileReference; includeInIndex = 1; lastKnownFileType = text.xcconfig; name = "Pods-Floney.release.xcconfig"; path = "Target Support Files/Pods-Floney/Pods-Floney.release.xcconfig"; sourceTree = "<group>"; };
		890215AB09C6C1F4F677A9C7 /* Pods-Floney.debug.xcconfig */ = {isa = PBXFileReference; includeInIndex = 1; lastKnownFileType = text.xcconfig; name = "Pods-Floney.debug.xcconfig"; path = "Target Support Files/Pods-Floney/Pods-Floney.debug.xcconfig"; sourceTree = "<group>"; };
		C5977FA1E14265D8E26FBC38 /* libPods-Floney.a */ = {isa = PBXFileReference; explicitFileType = archive.ar; includeInIndex = 0; path = "libPods-Floney.a"; sourceTree = BUILT_PRODUCTS_DIR; };
/* End PBXFileReference section */

/* Begin PBXFrameworksBuildPhase section */
		2FD7F39529B1E26D00B99CAA /* Frameworks */ = {
			isa = PBXFrameworksBuildPhase;
			buildActionMask = 2147483647;
			files = (
				3E803C4A08383EAF5C709410 /* libPods-Floney.a in Frameworks */,
			);
			runOnlyForDeploymentPostprocessing = 0;
		};
/* End PBXFrameworksBuildPhase section */

/* Begin PBXGroup section */
		2F0D01162A03CEA000DAF21D /* ViewModel */ = {
			isa = PBXGroup;
			children = (
				2F0D01172A03CEB600DAF21D /* SignUpViewModel.swift */,
			);
			path = ViewModel;
			sourceTree = "<group>";
		};
		2F146A5C2A14B03F0089AB3D /* TokenReissue */ = {
			isa = PBXGroup;
			children = (
				2F146A682A14B6870089AB3D /* ViewModel */,
				2F146A602A14B59F0089AB3D /* Entity */,
				2F146A5F2A14B5920089AB3D /* DataManager */,
			);
			path = TokenReissue;
			sourceTree = "<group>";
		};
		2F146A5F2A14B5920089AB3D /* DataManager */ = {
			isa = PBXGroup;
			children = (
				2F146A5D2A14B52D0089AB3D /* TokenReissueDataManager.swift */,
			);
			path = DataManager;
			sourceTree = "<group>";
		};
		2F146A602A14B59F0089AB3D /* Entity */ = {
			isa = PBXGroup;
			children = (
				2F146A612A14B5AF0089AB3D /* TokenReissueRequest.swift */,
				2F146A632A14B5BD0089AB3D /* TokenReissueResponse.swift */,
			);
			path = Entity;
			sourceTree = "<group>";
		};
		2F146A682A14B6870089AB3D /* ViewModel */ = {
			isa = PBXGroup;
			children = (
				2F146A692A14B6980089AB3D /* TokenReissueViewModel.swift */,
			);
			path = ViewModel;
			sourceTree = "<group>";
		};
		2F16145A2A07F48C0029E9A9 /* ViewModel */ = {
			isa = PBXGroup;
			children = (
				2F1614612A07F5FE0029E9A9 /* SendBookCodeViewModel.swift */,
			);
			path = ViewModel;
			sourceTree = "<group>";
		};
		2F16145B2A07F4930029E9A9 /* Entity */ = {
			isa = PBXGroup;
			children = (
				2F16145D2A07F4CA0029E9A9 /* BookCodeRequest.swift */,
				2F16145F2A07F4DC0029E9A9 /* BookCodeResponse.swift */,
			);
			path = Entity;
			sourceTree = "<group>";
		};
		2F16145C2A07F49B0029E9A9 /* DataManager */ = {
			isa = PBXGroup;
			children = (
				2F1614632A07F6120029E9A9 /* SendBookCodeDataManager.swift */,
			);
			path = DataManager;
			sourceTree = "<group>";
		};
		2F1614652A0804790029E9A9 /* DataManager */ = {
			isa = PBXGroup;
			children = (
				2F16146C2A0804CA0029E9A9 /* CreateBookDataManager.swift */,
			);
			path = DataManager;
			sourceTree = "<group>";
		};
		2F1614662A0804850029E9A9 /* Entity */ = {
			isa = PBXGroup;
			children = (
				2F1614682A0804A50029E9A9 /* CreateBookRequest.swift */,
				2F16146A2A0804B90029E9A9 /* CreateBookResponse.swift */,
			);
			path = Entity;
			sourceTree = "<group>";
		};
		2F1614672A0804920029E9A9 /* ViewModel */ = {
			isa = PBXGroup;
			children = (
				2F16146F2A0804E30029E9A9 /* CreateBookViewModel.swift */,
			);
			path = ViewModel;
			sourceTree = "<group>";
		};
		2F1614712A080C790029E9A9 /* ViewModel */ = {
			isa = PBXGroup;
			children = (
				2F1614722A080C920029E9A9 /* ServiceAgreementViewModel.swift */,
			);
			path = ViewModel;
			sourceTree = "<group>";
		};
		2F1614742A0A32830029E9A9 /* Entity */ = {
			isa = PBXGroup;
			children = (
				2F1614752A0A32A20029E9A9 /* CalendarRequest.swift */,
				2F1614772A0A32AF0029E9A9 /* CalendarResponse.swift */,
			);
			path = Entity;
			sourceTree = "<group>";
		};
		2F1614792A0A33800029E9A9 /* DataManager */ = {
			isa = PBXGroup;
			children = (
				2F16147B2A0A33A80029E9A9 /* CalendarDataManager.swift */,
			);
			path = DataManager;
			sourceTree = "<group>";
		};
		2F16147A2A0A33870029E9A9 /* ViewModel */ = {
			isa = PBXGroup;
			children = (
				2F16147D2A0A33B70029E9A9 /* CalendarViewModel.swift */,
			);
			path = ViewModel;
			sourceTree = "<group>";
		};
		2F1614842A0A70790029E9A9 /* ViewModel */ = {
			isa = PBXGroup;
			children = (
				2F1614852A0A76A50029E9A9 /* MyPageViewModel.swift */,
			);
			path = ViewModel;
			sourceTree = "<group>";
		};
		2F1614872A0A76D50029E9A9 /* Entity */ = {
			isa = PBXGroup;
			children = (
				2F1614882A0A76E70029E9A9 /* MyPageRequest.swift */,
				2F16148A2A0A76F20029E9A9 /* MyPageResponse.swift */,
			);
			path = Entity;
			sourceTree = "<group>";
		};
		2F16148C2A0A77080029E9A9 /* DataManager */ = {
			isa = PBXGroup;
			children = (
				2F16148D2A0A771E0029E9A9 /* MyPageDataManager.swift */,
			);
			path = DataManager;
			sourceTree = "<group>";
		};
		2F28C2D22A4ECCEB00894F67 /* ViewModel */ = {
			isa = PBXGroup;
			children = (
				2F28C2D72A4ED61B00894F67 /* SettingBookViewModel.swift */,
			);
			path = ViewModel;
			sourceTree = "<group>";
		};
		2F28C2D32A4ECCF800894F67 /* DataManager */ = {
			isa = PBXGroup;
			children = (
				2F28C2D52A4ED60E00894F67 /* SettingBookDataManager.swift */,
			);
			path = DataManager;
			sourceTree = "<group>";
		};
		2F28C2D42A4ECCFF00894F67 /* Entity */ = {
			isa = PBXGroup;
			children = (
				2F28C2D92A4ED63900894F67 /* SettingBookRequest.swift */,
				2F28C2DB2A4ED64500894F67 /* SettingBookResponse.swift */,
			);
			path = Entity;
			sourceTree = "<group>";
		};
		2F28C2E52A55812700894F67 /* ViewModel */ = {
			isa = PBXGroup;
			children = (
				2F28C2E62A55814200894F67 /* CalculateViewModel.swift */,
			);
			path = ViewModel;
			sourceTree = "<group>";
		};
		2FB3DA692A5C25E300E1486D /* DataManager */ = {
			isa = PBXGroup;
			children = (
				2FB3DA6B2A5C25FD00E1486D /* CalculateDataManager.swift */,
			);
			path = DataManager;
			sourceTree = "<group>";
		};
		2FB3DA6A2A5C25EC00E1486D /* Entity */ = {
			isa = PBXGroup;
			children = (
				2FB3DA6D2A5C264800E1486D /* SettlementRequest.swift */,
				2FB3DA6F2A5C265700E1486D /* SettlementResponse.swift */,
			);
			path = Entity;
			sourceTree = "<group>";
		};
		2FB3DA792A5C8F7700E1486D /* Entity */ = {
			isa = PBXGroup;
			children = (
				2FB3DA7A2A5C8F8D00E1486D /* AnalysisResponse.swift */,
			);
			path = Entity;
			sourceTree = "<group>";
		};
		2FB3DA7C2A5C92E300E1486D /* ViewModel */ = {
			isa = PBXGroup;
			children = (
				2FB3DA7D2A5C92F700E1486D /* AnalysisViewModel.swift */,
			);
			path = ViewModel;
			sourceTree = "<group>";
		};
		2FB3DA7F2A5C933300E1486D /* DataManager */ = {
			isa = PBXGroup;
			children = (
				2FB3DA802A5C934300E1486D /* AnalysisDataManager.swift */,
			);
			path = DataManager;
			sourceTree = "<group>";
		};
		2FC3B1D32A25E2D600572804 /* SettingBook */ = {
			isa = PBXGroup;
			children = (
				2F28C2D42A4ECCFF00894F67 /* Entity */,
				2F28C2D32A4ECCF800894F67 /* DataManager */,
				2F28C2D22A4ECCEB00894F67 /* ViewModel */,
				2FC3B1D42A25E30A00572804 /* SettingBookView.swift */,
				2FC3B1D62A25F95600572804 /* ModifyingBookView.swift */,
				2FC3B1D82A25F9F200572804 /* SetBookProfileImageView.swift */,
			);
			path = SettingBook;
			sourceTree = "<group>";
		};
		2FC3B1E02A321AC400572804 /* Photo */ = {
			isa = PBXGroup;
			children = (
				2FC3B1E12A321B1E00572804 /* ImagePicker.swift */,
			);
			path = Photo;
			sourceTree = "<group>";
		};
		2FD7F38F29B1E26D00B99CAA = {
			isa = PBXGroup;
			children = (
				2FD7F39A29B1E26D00B99CAA /* Floney */,
				2FD7F39929B1E26D00B99CAA /* Products */,
				D7C10D9F09B4DF2DF487D2DF /* Pods */,
				38979A95844287E695B1B7F9 /* Frameworks */,
			);
			sourceTree = "<group>";
		};
		2FD7F39929B1E26D00B99CAA /* Products */ = {
			isa = PBXGroup;
			children = (
				2FD7F39829B1E26D00B99CAA /* Floney.app */,
			);
			name = Products;
			sourceTree = "<group>";
		};
		2FD7F39A29B1E26D00B99CAA /* Floney */ = {
			isa = PBXGroup;
			children = (
				2F146A5A2A13A1260089AB3D /* GoogleService-Info.plist */,
				2F1614952A136FC60029E9A9 /* Floney.entitlements */,
				2FD7F3CA29B1E5C500B99CAA /* Info.plist */,
				2FD7F3A929B1E38900B99CAA /* Configuration */,
				2FD7F3AA29B1E39400B99CAA /* Util */,
				2FD7F3AC29B1E3B100B99CAA /* Source */,
				2FD7F39B29B1E26D00B99CAA /* FloneyApp.swift */,
				2F1614802A0A438A0029E9A9 /* AppDelegate.swift */,
				2FD7F39D29B1E26D00B99CAA /* ContentView.swift */,
				2FD7F39F29B1E26E00B99CAA /* Assets.xcassets */,
				2FD7F3A129B1E26E00B99CAA /* Preview Content */,
			);
			path = Floney;
			sourceTree = "<group>";
		};
		2FD7F3A129B1E26E00B99CAA /* Preview Content */ = {
			isa = PBXGroup;
			children = (
				2FD7F3A229B1E26E00B99CAA /* Preview Assets.xcassets */,
			);
			path = "Preview Content";
			sourceTree = "<group>";
		};
		2FD7F3A929B1E38900B99CAA /* Configuration */ = {
			isa = PBXGroup;
			children = (
				2FD7F3B529B1E42400B99CAA /* Constant.swift */,
				2FD7F3B329B1E40400B99CAA /* Secret */,
				2FD7F3B229B1E3FD00B99CAA /* Font */,
				2FD7F3B129B1E3EE00B99CAA /* Base */,
			);
			path = Configuration;
			sourceTree = "<group>";
		};
		2FD7F3AA29B1E39400B99CAA /* Util */ = {
			isa = PBXGroup;
			children = (
				2FF7247F2A5F1D1E008B9333 /* YearMonthPicker.swift */,
				2FB3DA862A5DB59E00E1486D /* LoadingView.swift */,
				2F28C2D02A4C228600894F67 /* AuthenticationService.swift */,
				2FE23F632A39DAF6009FA8CA /* ShareView.swift */,
				2FE23F612A39B981009FA8CA /* FirebaseManager.swift */,
				2FE23F5F2A39AADA009FA8CA /* CryptManager.swift */,
				2FE23F5D2A336CF5009FA8CA /* PermissionManager.swift */,
				2FC3B1DA2A2733D200572804 /* GoogleSignIn.swift */,
				2F1614962A1370B90029E9A9 /* SignInWithAppleCoordinator.swift */,
				2F1614932A0FABBE0029E9A9 /* CustomAlert.swift */,
				2F1614542A07CFE20029E9A9 /* Keychain.swift */,
				2FFDC36B2A00089F00BE4C1B /* NetworkError.swift */,
				2FF25C9329E7EF6500737346 /* RoundedCorners.swift */,
				2FC3B1DC2A274FF200572804 /* TextFieldLarge.swift */,
				2FC3B1DE2A2DC80500572804 /* CategoryButton.swift */,
				2FF25C9029E7EF0400737346 /* ButtonLarge.swift */,
				2FF25C8E29E7EE9D00737346 /* BottomSheet.swift */,
				2FEA2B9F29B8685E00DE8E54 /* BackButton.swift */,
				2FEA2BA329B892B000DE8E54 /* ViewModifier */,
				2FD7F3AB29B1E39D00B99CAA /* Extension */,
			);
			path = Util;
			sourceTree = "<group>";
		};
		2FD7F3AB29B1E39D00B99CAA /* Extension */ = {
			isa = PBXGroup;
			children = (
				2FD7F3C029B1E46900B99CAA /* Color.swift */,
				2FD7F3C229B1E47200B99CAA /* Font.swift */,
				2FD7F3C429B1E48B00B99CAA /* UIApplication.swift */,
				2FF25C8729E1858600737346 /* View.swift */,
				2FF7247D2A5F0EC3008B9333 /* Date.swift */,
			);
			path = Extension;
			sourceTree = "<group>";
		};
		2FD7F3AC29B1E3B100B99CAA /* Source */ = {
			isa = PBXGroup;
			children = (
				2FF724832A654A7A008B9333 /* BookExistence */,
				2FC3B1E02A321AC400572804 /* Photo */,
				2F146A5C2A14B03F0089AB3D /* TokenReissue */,
				2FD7F3B029B1E3DD00B99CAA /* Splash */,
				2FD7F3AF29B1E3D600B99CAA /* SignUp */,
				2FD7F3AE29B1E3C900B99CAA /* SignIn */,
				2FD7F3AD29B1E3C200B99CAA /* Main */,
			);
			path = Source;
			sourceTree = "<group>";
		};
		2FD7F3AD29B1E3C200B99CAA /* Main */ = {
			isa = PBXGroup;
			children = (
				2FEA2BAF29B9F4B200DE8E54 /* MainTabView.swift */,
				2FEA2BB529BA062600DE8E54 /* Home */,
				2FEA2BB429BA061D00DE8E54 /* Analysis */,
				2FEA2BB329BA060F00DE8E54 /* Add */,
				2FEA2BB229BA060500DE8E54 /* Calculate */,
				2FEA2BB129BA05D000DE8E54 /* MyPage */,
			);
			path = Main;
			sourceTree = "<group>";
		};
		2FD7F3AE29B1E3C900B99CAA /* SignIn */ = {
			isa = PBXGroup;
			children = (
				2FD7F3C629B1E50300B99CAA /* SignInView.swift */,
				2FFDC3682A00083100BE4C1B /* ViewModel */,
				2FFA303029EEAF4E00412F83 /* DataManager */,
				2FFA302F29EEAF4700412F83 /* Entity */,
				2FEA2BAC29B9EC0900DE8E54 /* FindPassword */,
			);
			path = SignIn;
			sourceTree = "<group>";
		};
		2FD7F3AF29B1E3D600B99CAA /* SignUp */ = {
			isa = PBXGroup;
			children = (
				2F0D01162A03CEA000DAF21D /* ViewModel */,
				2FFA302829EEAE3000412F83 /* Entity */,
				2FFA302729EEAE2500412F83 /* DataManager */,
				2FEA2B6229B73CC500DE8E54 /* ServiceAgreement */,
				2FEA2BCA29C43D6D00DE8E54 /* EmailAuth */,
				2FEA2BCD29C43F1200DE8E54 /* AuthCode */,
				2FEA2BAA29B9EB9300DE8E54 /* UserInfo */,
				2FEA2BAB29B9EBD300DE8E54 /* Welcome */,
				2FF25C8429E1812200737346 /* SendBookCode */,
			);
			path = SignUp;
			sourceTree = "<group>";
		};
		2FD7F3B029B1E3DD00B99CAA /* Splash */ = {
			isa = PBXGroup;
			children = (
				2FD7F3C829B1E52C00B99CAA /* SplashScreenView.swift */,
			);
			path = Splash;
			sourceTree = "<group>";
		};
		2FD7F3B129B1E3EE00B99CAA /* Base */ = {
			isa = PBXGroup;
			children = (
			);
			path = Base;
			sourceTree = "<group>";
		};
		2FD7F3B229B1E3FD00B99CAA /* Font */ = {
			isa = PBXGroup;
			children = (
				2FD7F3B729B1E44500B99CAA /* Pretendard-Black.otf */,
				2FD7F3BA29B1E44600B99CAA /* Pretendard-Bold.otf */,
				2FD7F3BB29B1E44600B99CAA /* Pretendard-ExtraBold.otf */,
				2FD7F3BE29B1E44600B99CAA /* Pretendard-ExtraLight.otf */,
				2FD7F3B829B1E44600B99CAA /* Pretendard-Light.otf */,
				2FD7F3BF29B1E44600B99CAA /* Pretendard-Medium.otf */,
				2FD7F3B929B1E44600B99CAA /* Pretendard-Regular.otf */,
				2FD7F3BD29B1E44600B99CAA /* Pretendard-SemiBold.otf */,
				2FD7F3BC29B1E44600B99CAA /* Pretendard-Thin.otf */,
			);
			path = Font;
			sourceTree = "<group>";
		};
		2FD7F3B329B1E40400B99CAA /* Secret */ = {
			isa = PBXGroup;
			children = (
				2F16147F2A0A3E510029E9A9 /* Config.xcconfig */,
				2F1614822A0A45B80029E9A9 /* Secret.swift */,
			);
			path = Secret;
			sourceTree = "<group>";
		};
		2FE23F652A4172EA009FA8CA /* DataManager */ = {
			isa = PBXGroup;
			children = (
				2FE23F6C2A4173D7009FA8CA /* AddDataManager.swift */,
			);
			path = DataManager;
			sourceTree = "<group>";
		};
		2FE23F662A4172F2009FA8CA /* ViewModel */ = {
			isa = PBXGroup;
			children = (
				2FE23F6E2A4173E4009FA8CA /* AddViewModel.swift */,
			);
			path = ViewModel;
			sourceTree = "<group>";
		};
		2FE23F672A4172FB009FA8CA /* Entity */ = {
			isa = PBXGroup;
			children = (
				2FE23F682A417372009FA8CA /* CategoryRequest.swift */,
				2FE23F6A2A417380009FA8CA /* CategoryResponse.swift */,
				2FE23F702A4187CC009FA8CA /* LinesRequest.swift */,
				2FE23F722A4187DA009FA8CA /* LinesResponse.swift */,
			);
			path = Entity;
			sourceTree = "<group>";
		};
		2FEA2B6229B73CC500DE8E54 /* ServiceAgreement */ = {
			isa = PBXGroup;
			children = (
				2FEA2B6329B73CE700DE8E54 /* ServiceAgreementView.swift */,
				2F1614712A080C790029E9A9 /* ViewModel */,
			);
			path = ServiceAgreement;
			sourceTree = "<group>";
		};
		2FEA2BA329B892B000DE8E54 /* ViewModifier */ = {
			isa = PBXGroup;
			children = (
				2FEA2BA429B892CB00DE8E54 /* TextFieldModifier.swift */,
				2FEA2BA829B8970A00DE8E54 /* NextButtonModifier.swift */,
			);
			path = ViewModifier;
			sourceTree = "<group>";
		};
		2FEA2BAA29B9EB9300DE8E54 /* UserInfo */ = {
			isa = PBXGroup;
			children = (
				2FEA2BA129B87A9200DE8E54 /* UserInfoView.swift */,
			);
			path = UserInfo;
			sourceTree = "<group>";
		};
		2FEA2BAB29B9EBD300DE8E54 /* Welcome */ = {
			isa = PBXGroup;
			children = (
				2FEA2BA629B8969E00DE8E54 /* WelcomeView.swift */,
			);
			path = Welcome;
			sourceTree = "<group>";
		};
		2FEA2BAC29B9EC0900DE8E54 /* FindPassword */ = {
			isa = PBXGroup;
			children = (
				2FEA2BAD29B9EC1C00DE8E54 /* FindPasswordView.swift */,
			);
			path = FindPassword;
			sourceTree = "<group>";
		};
		2FEA2BB129BA05D000DE8E54 /* MyPage */ = {
			isa = PBXGroup;
			children = (
				2FEA2BBF29BA068200DE8E54 /* MyPageView.swift */,
				2F16148C2A0A77080029E9A9 /* DataManager */,
				2F1614872A0A76D50029E9A9 /* Entity */,
				2F1614842A0A70790029E9A9 /* ViewModel */,
				2FF25C9529E80D1B00737346 /* AccountBook */,
				2FEA2BD329C9B6E900DE8E54 /* UserInformation */,
			);
			path = MyPage;
			sourceTree = "<group>";
		};
		2FEA2BB229BA060500DE8E54 /* Calculate */ = {
			isa = PBXGroup;
			children = (
				2FB3DA6A2A5C25EC00E1486D /* Entity */,
				2FB3DA692A5C25E300E1486D /* DataManager */,
				2F28C2E52A55812700894F67 /* ViewModel */,
				2FEA2BBD29BA067800DE8E54 /* CalculateView.swift */,
				2F28C2DD2A55605B00894F67 /* SetUserCalcView.swift */,
				2F28C2DF2A55689000894F67 /* SetPeriodCalcView.swift */,
				2F28C2E12A556BC100894F67 /* SetContentCalcView.swift */,
				2F28C2E32A55723900894F67 /* CompleteCalcView.swift */,
			);
			path = Calculate;
			sourceTree = "<group>";
		};
		2FEA2BB329BA060F00DE8E54 /* Add */ = {
			isa = PBXGroup;
			children = (
				2FEA2BBB29BA066D00DE8E54 /* AddView.swift */,
				2FB3DA822A5D722E00E1486D /* CategoryManagementView.swift */,
				2FB3DA842A5D7AFC00E1486D /* AddCategoryView.swift */,
				2FE23F672A4172FB009FA8CA /* Entity */,
				2FE23F662A4172F2009FA8CA /* ViewModel */,
				2FE23F652A4172EA009FA8CA /* DataManager */,
			);
			path = Add;
			sourceTree = "<group>";
		};
		2FEA2BB429BA061D00DE8E54 /* Analysis */ = {
			isa = PBXGroup;
			children = (
				2FB3DA7F2A5C933300E1486D /* DataManager */,
				2FB3DA7C2A5C92E300E1486D /* ViewModel */,
				2FB3DA792A5C8F7700E1486D /* Entity */,
				2FEA2BB929BA066100DE8E54 /* AnalysisView.swift */,
				2FB3DA712A5C867200E1486D /* ExpenseView.swift */,
				2FB3DA732A5C86B800E1486D /* IncomeView.swift */,
				2FB3DA752A5C86D800E1486D /* BudgetView.swift */,
				2FB3DA772A5C86E800E1486D /* AssetView.swift */,
			);
			path = Analysis;
			sourceTree = "<group>";
		};
		2FEA2BB529BA062600DE8E54 /* Home */ = {
			isa = PBXGroup;
			children = (
				2FC3B1D32A25E2D600572804 /* SettingBook */,
				2FEA2BB629BA064B00DE8E54 /* HomeView.swift */,
				2F1614912A0F971B0029E9A9 /* DayLinesView.swift */,
				2F16147A2A0A33870029E9A9 /* ViewModel */,
				2F1614742A0A32830029E9A9 /* Entity */,
				2F1614792A0A33800029E9A9 /* DataManager */,
			);
			path = Home;
			sourceTree = "<group>";
		};
		2FEA2BCA29C43D6D00DE8E54 /* EmailAuth */ = {
			isa = PBXGroup;
			children = (
				2FEA2BCB29C43D9500DE8E54 /* EmailAuthView.swift */,
			);
			path = EmailAuth;
			sourceTree = "<group>";
		};
		2FEA2BCD29C43F1200DE8E54 /* AuthCode */ = {
			isa = PBXGroup;
			children = (
				2FEA2BD029C4423500DE8E54 /* ViewModel */,
				2FEA2BCE29C43F2400DE8E54 /* AuthCodeView.swift */,
			);
			path = AuthCode;
			sourceTree = "<group>";
		};
		2FEA2BD029C4423500DE8E54 /* ViewModel */ = {
			isa = PBXGroup;
			children = (
				2FEA2BD129C4424600DE8E54 /* OTPViewModel.swift */,
			);
			path = ViewModel;
			sourceTree = "<group>";
		};
		2FEA2BD329C9B6E900DE8E54 /* UserInformation */ = {
			isa = PBXGroup;
			children = (
				2FEA2BD429C9B70600DE8E54 /* UserInformationView.swift */,
				2FEA2BDC29D038E800DE8E54 /* Withdrawal */,
				2FEA2BD929CD638D00DE8E54 /* SetProfileImage */,
				2FEA2BD629CABB6F00DE8E54 /* ChangePassword */,
			);
			path = UserInformation;
			sourceTree = "<group>";
		};
		2FEA2BD629CABB6F00DE8E54 /* ChangePassword */ = {
			isa = PBXGroup;
			children = (
				2FEA2BD729CABB8D00DE8E54 /* ChangePasswordView.swift */,
			);
			path = ChangePassword;
			sourceTree = "<group>";
		};
		2FEA2BD929CD638D00DE8E54 /* SetProfileImage */ = {
			isa = PBXGroup;
			children = (
				2FEA2BDA29CD63B300DE8E54 /* SetProfileImageView.swift */,
			);
			path = SetProfileImage;
			sourceTree = "<group>";
		};
		2FEA2BDC29D038E800DE8E54 /* Withdrawal */ = {
			isa = PBXGroup;
			children = (
				2FEA2BDD29D0390300DE8E54 /* WithdrawalView.swift */,
			);
			path = Withdrawal;
			sourceTree = "<group>";
		};
		2FF25C8429E1812200737346 /* SendBookCode */ = {
			isa = PBXGroup;
			children = (
				2FF25C8529E181C000737346 /* SendBookCodeView.swift */,
				2F16145A2A07F48C0029E9A9 /* ViewModel */,
				2F16145B2A07F4930029E9A9 /* Entity */,
				2F16145C2A07F49B0029E9A9 /* DataManager */,
			);
			path = SendBookCode;
			sourceTree = "<group>";
		};
		2FF25C9529E80D1B00737346 /* AccountBook */ = {
			isa = PBXGroup;
			children = (
				2FF25C9629E80D3F00737346 /* CreateBook */,
				2FF25C9729E80D4900737346 /* EnterBookCode */,
			);
			path = AccountBook;
			sourceTree = "<group>";
		};
		2FF25C9629E80D3F00737346 /* CreateBook */ = {
			isa = PBXGroup;
			children = (
				2F1614672A0804920029E9A9 /* ViewModel */,
				2F1614662A0804850029E9A9 /* Entity */,
				2F1614652A0804790029E9A9 /* DataManager */,
				2FF25C9829E80D7E00737346 /* SetBookNameView.swift */,
				2FFA302329EE775B00412F83 /* SetBookProfileView.swift */,
				2FFA302529EE81C000412F83 /* CreateBookView.swift */,
			);
			path = CreateBook;
			sourceTree = "<group>";
		};
		2FF25C9729E80D4900737346 /* EnterBookCode */ = {
			isa = PBXGroup;
			children = (
				2F1614562A07F2A60029E9A9 /* EnterBookCodeView.swift */,
				2F1614582A07F3880029E9A9 /* EnterBookView.swift */,
			);
			path = EnterBookCode;
			sourceTree = "<group>";
		};
		2FF724832A654A7A008B9333 /* BookExistence */ = {
			isa = PBXGroup;
			children = (
				2FF724862A654A9B008B9333 /* ViewModel */,
				2FF724852A654A97008B9333 /* Entity */,
				2FF724842A654A8D008B9333 /* DataManager */,
			);
			path = BookExistence;
			sourceTree = "<group>";
		};
		2FF724842A654A8D008B9333 /* DataManager */ = {
			isa = PBXGroup;
			children = (
				2FF724892A654AD8008B9333 /* BookExistenceDataManager.swift */,
			);
			path = DataManager;
			sourceTree = "<group>";
		};
		2FF724852A654A97008B9333 /* Entity */ = {
			isa = PBXGroup;
			children = (
				2FF724872A654AC7008B9333 /* BookExistenceResponse.swift */,
			);
			path = Entity;
			sourceTree = "<group>";
		};
		2FF724862A654A9B008B9333 /* ViewModel */ = {
			isa = PBXGroup;
			children = (
				2FF7248B2A654AE6008B9333 /* BookExistenceViewModel.swift */,
			);
			path = ViewModel;
			sourceTree = "<group>";
		};
		2FFA302729EEAE2500412F83 /* DataManager */ = {
			isa = PBXGroup;
			children = (
				2FFA302D29EEAEE100412F83 /* SignUpDataManager.swift */,
			);
			path = DataManager;
			sourceTree = "<group>";
		};
		2FFA302829EEAE3000412F83 /* Entity */ = {
			isa = PBXGroup;
			children = (
				2FFA302929EEAE6700412F83 /* SignUpRequest.swift */,
				2FFA302B29EEAEB900412F83 /* SignUpResponse.swift */,
			);
			path = Entity;
			sourceTree = "<group>";
		};
		2FFA302F29EEAF4700412F83 /* Entity */ = {
			isa = PBXGroup;
			children = (
				2FFA303129EEAF6000412F83 /* SignInRequest.swift */,
				2FFA303329EEAF6B00412F83 /* SignInResponse.swift */,
				2FC3B1CF2A1CD26A00572804 /* KakaoLoginRequest.swift */,
				2FC3B1D12A1CD2E200572804 /* KakaoLoginResponse.swift */,
			);
			path = Entity;
			sourceTree = "<group>";
		};
		2FFA303029EEAF4E00412F83 /* DataManager */ = {
			isa = PBXGroup;
			children = (
				2FFA303529EEB02800412F83 /* SignInDataManager.swift */,
			);
			path = DataManager;
			sourceTree = "<group>";
		};
		2FFDC3682A00083100BE4C1B /* ViewModel */ = {
			isa = PBXGroup;
			children = (
				2FFDC3692A00084600BE4C1B /* SignInViewModel.swift */,
			);
			path = ViewModel;
			sourceTree = "<group>";
		};
		38979A95844287E695B1B7F9 /* Frameworks */ = {
			isa = PBXGroup;
			children = (
				C5977FA1E14265D8E26FBC38 /* libPods-Floney.a */,
			);
			name = Frameworks;
			sourceTree = "<group>";
		};
		D7C10D9F09B4DF2DF487D2DF /* Pods */ = {
			isa = PBXGroup;
			children = (
				890215AB09C6C1F4F677A9C7 /* Pods-Floney.debug.xcconfig */,
				67A9A49F4C8E4F3292D98C83 /* Pods-Floney.release.xcconfig */,
			);
			path = Pods;
			sourceTree = "<group>";
		};
/* End PBXGroup section */

/* Begin PBXNativeTarget section */
		2FD7F39729B1E26D00B99CAA /* Floney */ = {
			isa = PBXNativeTarget;
			buildConfigurationList = 2FD7F3A629B1E26E00B99CAA /* Build configuration list for PBXNativeTarget "Floney" */;
			buildPhases = (
				4DCCC81A2E30E5966599FF67 /* [CP] Check Pods Manifest.lock */,
				2FD7F39429B1E26D00B99CAA /* Sources */,
				2FD7F39529B1E26D00B99CAA /* Frameworks */,
				2FD7F39629B1E26D00B99CAA /* Resources */,
				0016428AF120D69311939150 /* [CP] Copy Pods Resources */,
			);
			buildRules = (
			);
			dependencies = (
			);
			name = Floney;
			productName = Floney;
			productReference = 2FD7F39829B1E26D00B99CAA /* Floney.app */;
			productType = "com.apple.product-type.application";
		};
/* End PBXNativeTarget section */

/* Begin PBXProject section */
		2FD7F39029B1E26D00B99CAA /* Project object */ = {
			isa = PBXProject;
			attributes = {
				BuildIndependentTargetsInParallel = 1;
				LastSwiftUpdateCheck = 1420;
				LastUpgradeCheck = 1420;
				TargetAttributes = {
					2FD7F39729B1E26D00B99CAA = {
						CreatedOnToolsVersion = 14.2;
					};
				};
			};
			buildConfigurationList = 2FD7F39329B1E26D00B99CAA /* Build configuration list for PBXProject "Floney" */;
			compatibilityVersion = "Xcode 14.0";
			developmentRegion = en;
			hasScannedForEncodings = 0;
			knownRegions = (
				en,
				Base,
			);
			mainGroup = 2FD7F38F29B1E26D00B99CAA;
			productRefGroup = 2FD7F39929B1E26D00B99CAA /* Products */;
			projectDirPath = "";
			projectRoot = "";
			targets = (
				2FD7F39729B1E26D00B99CAA /* Floney */,
			);
		};
/* End PBXProject section */

/* Begin PBXResourcesBuildPhase section */
		2FD7F39629B1E26D00B99CAA /* Resources */ = {
			isa = PBXResourcesBuildPhase;
			buildActionMask = 2147483647;
			files = (
				2FD7F3CE29B1EC0000B99CAA /* Pretendard-ExtraLight.otf in Resources */,
				2FD7F3A329B1E26E00B99CAA /* Preview Assets.xcassets in Resources */,
				2FD7F3CC29B1EBFA00B99CAA /* Pretendard-Bold.otf in Resources */,
				2FD7F3D029B1EC0400B99CAA /* Pretendard-Medium.otf in Resources */,
				2FD7F3D129B1EC0700B99CAA /* Pretendard-Regular.otf in Resources */,
				2F146A5B2A13A1260089AB3D /* GoogleService-Info.plist in Resources */,
				2FD7F3CD29B1EBFD00B99CAA /* Pretendard-ExtraBold.otf in Resources */,
				2FD7F3CF29B1EC0200B99CAA /* Pretendard-Light.otf in Resources */,
				2FD7F3D229B1EC0900B99CAA /* Pretendard-SemiBold.otf in Resources */,
				2FD7F3CB29B1EBF700B99CAA /* Pretendard-Black.otf in Resources */,
				2FD7F3D329B1EC0C00B99CAA /* Pretendard-Thin.otf in Resources */,
				2FD7F3A029B1E26E00B99CAA /* Assets.xcassets in Resources */,
			);
			runOnlyForDeploymentPostprocessing = 0;
		};
/* End PBXResourcesBuildPhase section */

/* Begin PBXShellScriptBuildPhase section */
		0016428AF120D69311939150 /* [CP] Copy Pods Resources */ = {
			isa = PBXShellScriptBuildPhase;
			buildActionMask = 2147483647;
			files = (
			);
			inputFileListPaths = (
				"${PODS_ROOT}/Target Support Files/Pods-Floney/Pods-Floney-resources-${CONFIGURATION}-input-files.xcfilelist",
			);
			name = "[CP] Copy Pods Resources";
			outputFileListPaths = (
				"${PODS_ROOT}/Target Support Files/Pods-Floney/Pods-Floney-resources-${CONFIGURATION}-output-files.xcfilelist",
			);
			runOnlyForDeploymentPostprocessing = 0;
			shellPath = /bin/sh;
			shellScript = "\"${PODS_ROOT}/Target Support Files/Pods-Floney/Pods-Floney-resources.sh\"\n";
			showEnvVarsInLog = 0;
		};
		4DCCC81A2E30E5966599FF67 /* [CP] Check Pods Manifest.lock */ = {
			isa = PBXShellScriptBuildPhase;
			buildActionMask = 2147483647;
			files = (
			);
			inputFileListPaths = (
			);
			inputPaths = (
				"${PODS_PODFILE_DIR_PATH}/Podfile.lock",
				"${PODS_ROOT}/Manifest.lock",
			);
			name = "[CP] Check Pods Manifest.lock";
			outputFileListPaths = (
			);
			outputPaths = (
				"$(DERIVED_FILE_DIR)/Pods-Floney-checkManifestLockResult.txt",
			);
			runOnlyForDeploymentPostprocessing = 0;
			shellPath = /bin/sh;
			shellScript = "diff \"${PODS_PODFILE_DIR_PATH}/Podfile.lock\" \"${PODS_ROOT}/Manifest.lock\" > /dev/null\nif [ $? != 0 ] ; then\n    # print error to STDERR\n    echo \"error: The sandbox is not in sync with the Podfile.lock. Run 'pod install' or update your CocoaPods installation.\" >&2\n    exit 1\nfi\n# This output is used by Xcode 'outputs' to avoid re-running this script phase.\necho \"SUCCESS\" > \"${SCRIPT_OUTPUT_FILE_0}\"\n";
			showEnvVarsInLog = 0;
		};
/* End PBXShellScriptBuildPhase section */

/* Begin PBXSourcesBuildPhase section */
		2FD7F39429B1E26D00B99CAA /* Sources */ = {
			isa = PBXSourcesBuildPhase;
			buildActionMask = 2147483647;
			files = (
				2FEA2BAE29B9EC1C00DE8E54 /* FindPasswordView.swift in Sources */,
				2FD7F3C529B1E48B00B99CAA /* UIApplication.swift in Sources */,
				2F1614592A07F3880029E9A9 /* EnterBookView.swift in Sources */,
				2F1614942A0FABBE0029E9A9 /* CustomAlert.swift in Sources */,
				2FF25C8829E1858600737346 /* View.swift in Sources */,
				2FD7F3C729B1E50300B99CAA /* SignInView.swift in Sources */,
				2FEA2BB029B9F4B200DE8E54 /* MainTabView.swift in Sources */,
				2FD7F39E29B1E26D00B99CAA /* ContentView.swift in Sources */,
				2F28C2DE2A55605B00894F67 /* SetUserCalcView.swift in Sources */,
				2FFA302A29EEAE6700412F83 /* SignUpRequest.swift in Sources */,
				2FE23F6F2A4173E4009FA8CA /* AddViewModel.swift in Sources */,
				2F28C2D82A4ED61B00894F67 /* SettingBookViewModel.swift in Sources */,
				2FB3DA722A5C867200E1486D /* ExpenseView.swift in Sources */,
				2FB3DA852A5D7AFC00E1486D /* AddCategoryView.swift in Sources */,
				2FEA2BB729BA064B00DE8E54 /* HomeView.swift in Sources */,
				2FC3B1D22A1CD2E200572804 /* KakaoLoginResponse.swift in Sources */,
				2F1614762A0A32A20029E9A9 /* CalendarRequest.swift in Sources */,
				2FEA2B6429B73CE700DE8E54 /* ServiceAgreementView.swift in Sources */,
				2FE23F6D2A4173D7009FA8CA /* AddDataManager.swift in Sources */,
				2F146A642A14B5BD0089AB3D /* TokenReissueResponse.swift in Sources */,
				2FFDC36C2A00089F00BE4C1B /* NetworkError.swift in Sources */,
				2FE23F712A4187CC009FA8CA /* LinesRequest.swift in Sources */,
				2FF25C8629E181C000737346 /* SendBookCodeView.swift in Sources */,
				2F146A6A2A14B6980089AB3D /* TokenReissueViewModel.swift in Sources */,
				2FEA2BA029B8685E00DE8E54 /* BackButton.swift in Sources */,
				2FB3DA872A5DB59E00E1486D /* LoadingView.swift in Sources */,
				2F28C2D62A4ED60E00894F67 /* SettingBookDataManager.swift in Sources */,
				2FE23F6B2A417380009FA8CA /* CategoryResponse.swift in Sources */,
				2FC3B1D72A25F95600572804 /* ModifyingBookView.swift in Sources */,
				2FC3B1D02A1CD26A00572804 /* KakaoLoginRequest.swift in Sources */,
				2FEA2BA229B87A9200DE8E54 /* UserInfoView.swift in Sources */,
				2FB3DA7B2A5C8F8D00E1486D /* AnalysisResponse.swift in Sources */,
				2FB3DA782A5C86E800E1486D /* AssetView.swift in Sources */,
				2FEA2BA529B892CB00DE8E54 /* TextFieldModifier.swift in Sources */,
				2FEA2BBC29BA066D00DE8E54 /* AddView.swift in Sources */,
				2FEA2BBE29BA067800DE8E54 /* CalculateView.swift in Sources */,
				2FEA2BCF29C43F2400DE8E54 /* AuthCodeView.swift in Sources */,
				2F1614572A07F2A60029E9A9 /* EnterBookCodeView.swift in Sources */,
				2FFA302C29EEAEB900412F83 /* SignUpResponse.swift in Sources */,
				2F1614692A0804A50029E9A9 /* CreateBookRequest.swift in Sources */,
				2FE23F602A39AADA009FA8CA /* CryptManager.swift in Sources */,
				2FB3DA742A5C86B800E1486D /* IncomeView.swift in Sources */,
				2F1614812A0A438A0029E9A9 /* AppDelegate.swift in Sources */,
				2F16146B2A0804B90029E9A9 /* CreateBookResponse.swift in Sources */,
				2F1614602A07F4DC0029E9A9 /* BookCodeResponse.swift in Sources */,
				2F28C2DC2A4ED64500894F67 /* SettingBookResponse.swift in Sources */,
				2FC3B1DD2A274FF200572804 /* TextFieldLarge.swift in Sources */,
				2F28C2E72A55814200894F67 /* CalculateViewModel.swift in Sources */,
				2FFA303629EEB02800412F83 /* SignInDataManager.swift in Sources */,
				2F28C2E42A55723900894F67 /* CompleteCalcView.swift in Sources */,
				2FEA2BD529C9B70600DE8E54 /* UserInformationView.swift in Sources */,
				2FFA302429EE775B00412F83 /* SetBookProfileView.swift in Sources */,
				2F16147C2A0A33A80029E9A9 /* CalendarDataManager.swift in Sources */,
				2FB3DA832A5D722E00E1486D /* CategoryManagementView.swift in Sources */,
				2F146A622A14B5AF0089AB3D /* TokenReissueRequest.swift in Sources */,
				2FFA302629EE81C000412F83 /* CreateBookView.swift in Sources */,
				2F0D01182A03CEB600DAF21D /* SignUpViewModel.swift in Sources */,
				2FEA2BA729B8969E00DE8E54 /* WelcomeView.swift in Sources */,
				2FF25C9929E80D7E00737346 /* SetBookNameView.swift in Sources */,
				2F16145E2A07F4CA0029E9A9 /* BookCodeRequest.swift in Sources */,
				2F16148E2A0A771E0029E9A9 /* MyPageDataManager.swift in Sources */,
				2FB3DA812A5C934300E1486D /* AnalysisDataManager.swift in Sources */,
				2F16147E2A0A33B70029E9A9 /* CalendarViewModel.swift in Sources */,
				2FEA2BCC29C43D9500DE8E54 /* EmailAuthView.swift in Sources */,
				2FC3B1DF2A2DC80500572804 /* CategoryButton.swift in Sources */,
				2FFA303429EEAF6B00412F83 /* SignInResponse.swift in Sources */,
				2FF7248A2A654AD8008B9333 /* BookExistenceDataManager.swift in Sources */,
				2FD7F3C129B1E46900B99CAA /* Color.swift in Sources */,
				2FF25C9129E7EF0400737346 /* ButtonLarge.swift in Sources */,
				2FEA2BDE29D0390300DE8E54 /* WithdrawalView.swift in Sources */,
				2FEA2BC029BA068200DE8E54 /* MyPageView.swift in Sources */,
				2F146A5E2A14B52D0089AB3D /* TokenReissueDataManager.swift in Sources */,
				2F28C2D12A4C228600894F67 /* AuthenticationService.swift in Sources */,
				2FC3B1DB2A2733D200572804 /* GoogleSignIn.swift in Sources */,
				2FF25C9429E7EF6500737346 /* RoundedCorners.swift in Sources */,
				2FEA2BDB29CD63B300DE8E54 /* SetProfileImageView.swift in Sources */,
				2F1614832A0A45B80029E9A9 /* Secret.swift in Sources */,
				2F1614732A080C920029E9A9 /* ServiceAgreementViewModel.swift in Sources */,
				2F1614642A07F6120029E9A9 /* SendBookCodeDataManager.swift in Sources */,
				2FC3B1D52A25E30A00572804 /* SettingBookView.swift in Sources */,
				2FEA2BA929B8970A00DE8E54 /* NextButtonModifier.swift in Sources */,
				2FEA2BD829CABB8D00DE8E54 /* ChangePasswordView.swift in Sources */,
				2F1614972A1370B90029E9A9 /* SignInWithAppleCoordinator.swift in Sources */,
				2FE23F692A417372009FA8CA /* CategoryRequest.swift in Sources */,
				2FFA303229EEAF6000412F83 /* SignInRequest.swift in Sources */,
				2FB3DA762A5C86D800E1486D /* BudgetView.swift in Sources */,
				2FF724802A5F1D1E008B9333 /* YearMonthPicker.swift in Sources */,
				2FF25C8F29E7EE9D00737346 /* BottomSheet.swift in Sources */,
				2FF724882A654AC7008B9333 /* BookExistenceResponse.swift in Sources */,
				2FB3DA702A5C265700E1486D /* SettlementResponse.swift in Sources */,
				2F1614892A0A76E70029E9A9 /* MyPageRequest.swift in Sources */,
				2FF7248C2A654AE6008B9333 /* BookExistenceViewModel.swift in Sources */,
				2FE23F622A39B981009FA8CA /* FirebaseManager.swift in Sources */,
				2F1614552A07CFE20029E9A9 /* Keychain.swift in Sources */,
				2FFDC36A2A00084600BE4C1B /* SignInViewModel.swift in Sources */,
				2F1614922A0F971B0029E9A9 /* DayLinesView.swift in Sources */,
				2FD7F3C329B1E47200B99CAA /* Font.swift in Sources */,
				2FFA302E29EEAEE100412F83 /* SignUpDataManager.swift in Sources */,
				2FE23F642A39DAF6009FA8CA /* ShareView.swift in Sources */,
				2FE23F732A4187DA009FA8CA /* LinesResponse.swift in Sources */,
				2FD7F39C29B1E26D00B99CAA /* FloneyApp.swift in Sources */,
				2FC3B1E22A321B1F00572804 /* ImagePicker.swift in Sources */,
				2F1614622A07F5FE0029E9A9 /* SendBookCodeViewModel.swift in Sources */,
				2F28C2E22A556BC100894F67 /* SetContentCalcView.swift in Sources */,
				2FEA2BD229C4424600DE8E54 /* OTPViewModel.swift in Sources */,
				2FE23F5E2A336CF5009FA8CA /* PermissionManager.swift in Sources */,
				2FB3DA7E2A5C92F700E1486D /* AnalysisViewModel.swift in Sources */,
				2F28C2DA2A4ED63900894F67 /* SettingBookRequest.swift in Sources */,
				2F1614782A0A32AF0029E9A9 /* CalendarResponse.swift in Sources */,
				2FD7F3B629B1E42400B99CAA /* Constant.swift in Sources */,
				2F16146D2A0804CA0029E9A9 /* CreateBookDataManager.swift in Sources */,
				2FB3DA6C2A5C25FD00E1486D /* CalculateDataManager.swift in Sources */,
				2FEA2BBA29BA066100DE8E54 /* AnalysisView.swift in Sources */,
				2FD7F3C929B1E52C00B99CAA /* SplashScreenView.swift in Sources */,
				2FF7247E2A5F0EC4008B9333 /* Date.swift in Sources */,
				2F28C2E02A55689000894F67 /* SetPeriodCalcView.swift in Sources */,
				2FB3DA6E2A5C264800E1486D /* SettlementRequest.swift in Sources */,
				2F16148B2A0A76F20029E9A9 /* MyPageResponse.swift in Sources */,
				2F1614702A0804E30029E9A9 /* CreateBookViewModel.swift in Sources */,
				2FC3B1D92A25F9F200572804 /* SetBookProfileImageView.swift in Sources */,
				2F1614862A0A76A50029E9A9 /* MyPageViewModel.swift in Sources */,
			);
			runOnlyForDeploymentPostprocessing = 0;
		};
/* End PBXSourcesBuildPhase section */

/* Begin XCBuildConfiguration section */
		2FD7F3A429B1E26E00B99CAA /* Debug */ = {
			isa = XCBuildConfiguration;
			baseConfigurationReference = 2F16147F2A0A3E510029E9A9 /* Config.xcconfig */;
			buildSettings = {
				ALWAYS_SEARCH_USER_PATHS = NO;
				CLANG_ANALYZER_NONNULL = YES;
				CLANG_ANALYZER_NUMBER_OBJECT_CONVERSION = YES_AGGRESSIVE;
				CLANG_CXX_LANGUAGE_STANDARD = "gnu++20";
				CLANG_ENABLE_MODULES = YES;
				CLANG_ENABLE_OBJC_ARC = YES;
				CLANG_ENABLE_OBJC_WEAK = YES;
				CLANG_WARN_BLOCK_CAPTURE_AUTORELEASING = YES;
				CLANG_WARN_BOOL_CONVERSION = YES;
				CLANG_WARN_COMMA = YES;
				CLANG_WARN_CONSTANT_CONVERSION = YES;
				CLANG_WARN_DEPRECATED_OBJC_IMPLEMENTATIONS = YES;
				CLANG_WARN_DIRECT_OBJC_ISA_USAGE = YES_ERROR;
				CLANG_WARN_DOCUMENTATION_COMMENTS = YES;
				CLANG_WARN_EMPTY_BODY = YES;
				CLANG_WARN_ENUM_CONVERSION = YES;
				CLANG_WARN_INFINITE_RECURSION = YES;
				CLANG_WARN_INT_CONVERSION = YES;
				CLANG_WARN_NON_LITERAL_NULL_CONVERSION = YES;
				CLANG_WARN_OBJC_IMPLICIT_RETAIN_SELF = YES;
				CLANG_WARN_OBJC_LITERAL_CONVERSION = YES;
				CLANG_WARN_OBJC_ROOT_CLASS = YES_ERROR;
				CLANG_WARN_QUOTED_INCLUDE_IN_FRAMEWORK_HEADER = YES;
				CLANG_WARN_RANGE_LOOP_ANALYSIS = YES;
				CLANG_WARN_STRICT_PROTOTYPES = YES;
				CLANG_WARN_SUSPICIOUS_MOVE = YES;
				CLANG_WARN_UNGUARDED_AVAILABILITY = YES_AGGRESSIVE;
				CLANG_WARN_UNREACHABLE_CODE = YES;
				CLANG_WARN__DUPLICATE_METHOD_MATCH = YES;
				COPY_PHASE_STRIP = NO;
				DEBUG_INFORMATION_FORMAT = dwarf;
				ENABLE_STRICT_OBJC_MSGSEND = YES;
				ENABLE_TESTABILITY = YES;
				GCC_C_LANGUAGE_STANDARD = gnu11;
				GCC_DYNAMIC_NO_PIC = NO;
				GCC_NO_COMMON_BLOCKS = YES;
				GCC_OPTIMIZATION_LEVEL = s;
				GCC_PREPROCESSOR_DEFINITIONS = (
					"DEBUG=1",
					"$(inherited)",
				);
				GCC_WARN_64_TO_32_BIT_CONVERSION = YES;
				GCC_WARN_ABOUT_RETURN_TYPE = YES_ERROR;
				GCC_WARN_UNDECLARED_SELECTOR = YES;
				GCC_WARN_UNINITIALIZED_AUTOS = YES_AGGRESSIVE;
				GCC_WARN_UNUSED_FUNCTION = YES;
				GCC_WARN_UNUSED_VARIABLE = YES;
				IPHONEOS_DEPLOYMENT_TARGET = 14.0;
				MTL_ENABLE_DEBUG_INFO = INCLUDE_SOURCE;
				MTL_FAST_MATH = YES;
				ONLY_ACTIVE_ARCH = YES;
				SDKROOT = iphoneos;
				SWIFT_ACTIVE_COMPILATION_CONDITIONS = DEBUG;
				SWIFT_OPTIMIZATION_LEVEL = "-Onone";
			};
			name = Debug;
		};
		2FD7F3A529B1E26E00B99CAA /* Release */ = {
			isa = XCBuildConfiguration;
			buildSettings = {
				ALWAYS_SEARCH_USER_PATHS = NO;
				CLANG_ANALYZER_NONNULL = YES;
				CLANG_ANALYZER_NUMBER_OBJECT_CONVERSION = YES_AGGRESSIVE;
				CLANG_CXX_LANGUAGE_STANDARD = "gnu++20";
				CLANG_ENABLE_MODULES = YES;
				CLANG_ENABLE_OBJC_ARC = YES;
				CLANG_ENABLE_OBJC_WEAK = YES;
				CLANG_WARN_BLOCK_CAPTURE_AUTORELEASING = YES;
				CLANG_WARN_BOOL_CONVERSION = YES;
				CLANG_WARN_COMMA = YES;
				CLANG_WARN_CONSTANT_CONVERSION = YES;
				CLANG_WARN_DEPRECATED_OBJC_IMPLEMENTATIONS = YES;
				CLANG_WARN_DIRECT_OBJC_ISA_USAGE = YES_ERROR;
				CLANG_WARN_DOCUMENTATION_COMMENTS = YES;
				CLANG_WARN_EMPTY_BODY = YES;
				CLANG_WARN_ENUM_CONVERSION = YES;
				CLANG_WARN_INFINITE_RECURSION = YES;
				CLANG_WARN_INT_CONVERSION = YES;
				CLANG_WARN_NON_LITERAL_NULL_CONVERSION = YES;
				CLANG_WARN_OBJC_IMPLICIT_RETAIN_SELF = YES;
				CLANG_WARN_OBJC_LITERAL_CONVERSION = YES;
				CLANG_WARN_OBJC_ROOT_CLASS = YES_ERROR;
				CLANG_WARN_QUOTED_INCLUDE_IN_FRAMEWORK_HEADER = YES;
				CLANG_WARN_RANGE_LOOP_ANALYSIS = YES;
				CLANG_WARN_STRICT_PROTOTYPES = YES;
				CLANG_WARN_SUSPICIOUS_MOVE = YES;
				CLANG_WARN_UNGUARDED_AVAILABILITY = YES_AGGRESSIVE;
				CLANG_WARN_UNREACHABLE_CODE = YES;
				CLANG_WARN__DUPLICATE_METHOD_MATCH = YES;
				COPY_PHASE_STRIP = NO;
				DEBUG_INFORMATION_FORMAT = "dwarf-with-dsym";
				ENABLE_NS_ASSERTIONS = NO;
				ENABLE_STRICT_OBJC_MSGSEND = YES;
				GCC_C_LANGUAGE_STANDARD = gnu11;
				GCC_NO_COMMON_BLOCKS = YES;
				GCC_WARN_64_TO_32_BIT_CONVERSION = YES;
				GCC_WARN_ABOUT_RETURN_TYPE = YES_ERROR;
				GCC_WARN_UNDECLARED_SELECTOR = YES;
				GCC_WARN_UNINITIALIZED_AUTOS = YES_AGGRESSIVE;
				GCC_WARN_UNUSED_FUNCTION = YES;
				GCC_WARN_UNUSED_VARIABLE = YES;
				IPHONEOS_DEPLOYMENT_TARGET = 14.0;
				MTL_ENABLE_DEBUG_INFO = NO;
				MTL_FAST_MATH = YES;
				ONLY_ACTIVE_ARCH = YES;
				SDKROOT = iphoneos;
				SWIFT_COMPILATION_MODE = wholemodule;
				SWIFT_OPTIMIZATION_LEVEL = "-O";
				VALIDATE_PRODUCT = YES;
			};
			name = Release;
		};
		2FD7F3A729B1E26E00B99CAA /* Debug */ = {
			isa = XCBuildConfiguration;
			baseConfigurationReference = 890215AB09C6C1F4F677A9C7 /* Pods-Floney.debug.xcconfig */;
			buildSettings = {
				ASSETCATALOG_COMPILER_APPICON_NAME = AppIcon;
				ASSETCATALOG_COMPILER_GLOBAL_ACCENT_COLOR_NAME = AccentColor;
				CODE_SIGN_ENTITLEMENTS = Floney/Floney.entitlements;
				CODE_SIGN_STYLE = Automatic;
				CURRENT_PROJECT_VERSION = 1;
				DEVELOPMENT_ASSET_PATHS = "\"Floney/Preview Content\"";
				DEVELOPMENT_TEAM = 6B2F2JB38S;
				ENABLE_PREVIEWS = YES;
				GENERATE_INFOPLIST_FILE = YES;
				INFOPLIST_FILE = Floney/Info.plist;
				INFOPLIST_KEY_NSCameraUsageDescription = "floney가 사진 촬영을 통한 프로필 사진 등록을 위해 카메라 접근을 허용합니다.";
				INFOPLIST_KEY_NSPhotoLibraryUsageDescription = "floney가 프로필 사진 등록을 위해 라이브러리에 접근하도록 허용합니다.";
				INFOPLIST_KEY_UIApplicationSupportsIndirectInputEvents = YES;
				INFOPLIST_KEY_UILaunchScreen_Generation = YES;
				INFOPLIST_KEY_UISupportedInterfaceOrientations_iPad = "UIInterfaceOrientationPortrait UIInterfaceOrientationPortraitUpsideDown UIInterfaceOrientationLandscapeLeft UIInterfaceOrientationLandscapeRight";
				INFOPLIST_KEY_UISupportedInterfaceOrientations_iPhone = "UIInterfaceOrientationPortrait UIInterfaceOrientationLandscapeLeft UIInterfaceOrientationLandscapeRight";
				LD_RUNPATH_SEARCH_PATHS = (
					"$(inherited)",
					"@executable_path/Frameworks",
				);
				MARKETING_VERSION = 1.0;
				PRODUCT_BUNDLE_IDENTIFIER = KyoungminNam.Floney;
				PRODUCT_NAME = "$(TARGET_NAME)";
				SWIFT_EMIT_LOC_STRINGS = YES;
				SWIFT_VERSION = 5.0;
				TARGETED_DEVICE_FAMILY = "1,2";
			};
			name = Debug;
		};
		2FD7F3A829B1E26E00B99CAA /* Release */ = {
			isa = XCBuildConfiguration;
			baseConfigurationReference = 67A9A49F4C8E4F3292D98C83 /* Pods-Floney.release.xcconfig */;
			buildSettings = {
				ASSETCATALOG_COMPILER_APPICON_NAME = AppIcon;
				ASSETCATALOG_COMPILER_GLOBAL_ACCENT_COLOR_NAME = AccentColor;
				CODE_SIGN_ENTITLEMENTS = Floney/Floney.entitlements;
				CODE_SIGN_STYLE = Automatic;
				CURRENT_PROJECT_VERSION = 1;
				DEVELOPMENT_ASSET_PATHS = "\"Floney/Preview Content\"";
				DEVELOPMENT_TEAM = 6B2F2JB38S;
				ENABLE_PREVIEWS = YES;
				GENERATE_INFOPLIST_FILE = YES;
				INFOPLIST_FILE = Floney/Info.plist;
				INFOPLIST_KEY_NSCameraUsageDescription = "floney가 사진 촬영을 통한 프로필 사진 등록을 위해 카메라 접근을 허용합니다.";
				INFOPLIST_KEY_NSPhotoLibraryUsageDescription = "floney가 프로필 사진 등록을 위해 라이브러리에 접근하도록 허용합니다.";
				INFOPLIST_KEY_UIApplicationSupportsIndirectInputEvents = YES;
				INFOPLIST_KEY_UILaunchScreen_Generation = YES;
				INFOPLIST_KEY_UISupportedInterfaceOrientations_iPad = "UIInterfaceOrientationPortrait UIInterfaceOrientationPortraitUpsideDown UIInterfaceOrientationLandscapeLeft UIInterfaceOrientationLandscapeRight";
				INFOPLIST_KEY_UISupportedInterfaceOrientations_iPhone = "UIInterfaceOrientationPortrait UIInterfaceOrientationLandscapeLeft UIInterfaceOrientationLandscapeRight";
				LD_RUNPATH_SEARCH_PATHS = (
					"$(inherited)",
					"@executable_path/Frameworks",
				);
				MARKETING_VERSION = 1.0;
				PRODUCT_BUNDLE_IDENTIFIER = KyoungminNam.Floney;
				PRODUCT_NAME = "$(TARGET_NAME)";
				SWIFT_EMIT_LOC_STRINGS = YES;
				SWIFT_VERSION = 5.0;
				TARGETED_DEVICE_FAMILY = "1,2";
			};
			name = Release;
		};
/* End XCBuildConfiguration section */

/* Begin XCConfigurationList section */
		2FD7F39329B1E26D00B99CAA /* Build configuration list for PBXProject "Floney" */ = {
			isa = XCConfigurationList;
			buildConfigurations = (
				2FD7F3A429B1E26E00B99CAA /* Debug */,
				2FD7F3A529B1E26E00B99CAA /* Release */,
			);
			defaultConfigurationIsVisible = 0;
			defaultConfigurationName = Release;
		};
		2FD7F3A629B1E26E00B99CAA /* Build configuration list for PBXNativeTarget "Floney" */ = {
			isa = XCConfigurationList;
			buildConfigurations = (
				2FD7F3A729B1E26E00B99CAA /* Debug */,
				2FD7F3A829B1E26E00B99CAA /* Release */,
			);
			defaultConfigurationIsVisible = 0;
			defaultConfigurationName = Release;
		};
/* End XCConfigurationList section */
	};
	rootObject = 2FD7F39029B1E26D00B99CAA /* Project object */;
}
